
Microsoft Visual Studio Solution File, Format Version 12.00
# Visual Studio Version 16
VisualStudioVersion = 16.0.31112.23
MinimumVisualStudioVersion = 10.0.40219.1
Project("{9A19103F-16F7-4668-BE54-9A1E7A4F7556}") = "Foundation.Assertions", "Assertions\Foundation.Assertions.csproj", "{0F950B25-F434-47D7-B72A-FCD3312CF210}"
EndProject
Project("{9A19103F-16F7-4668-BE54-9A1E7A4F7556}") = "Foundation.Core", "Core\Foundation.Core.csproj", "{02EA7F5A-0175-46AA-BFE6-B51207323746}"
EndProject
Project("{9A19103F-16F7-4668-BE54-9A1E7A4F7556}") = "Foundation.Linq", "Linq\Foundation.Linq.csproj", "{31E2EC1B-05D8-4A30-979B-50438C2A6099}"
EndProject
Project("{9A19103F-16F7-4668-BE54-9A1E7A4F7556}") = "Foundation.Collections", "Collections\Foundation.Collections.csproj", "{0FDDF8E8-B76C-4DE8-8757-F31FA2E7182E}"
EndProject
Project("{9A19103F-16F7-4668-BE54-9A1E7A4F7556}") = "Foundation.Xml", "Xml\Foundation.Xml.csproj", "{32B3EEF4-E25F-4D01-B8CD-5EB1A3A1EB02}"
EndProject
Project("{9A19103F-16F7-4668-BE54-9A1E7A4F7556}") = "Foundation.Log", "Log\Foundation.Log.csproj", "{D14CB962-6163-4C31-8719-3B8B527146F9}"
EndProject
Project("{9A19103F-16F7-4668-BE54-9A1E7A4F7556}") = "Foundation.InternalLog", "InternalLog\Foundation.InternalLog.csproj", "{AC9A8007-37EE-492B-9513-281A11EAB733}"
EndProject
Project("{9A19103F-16F7-4668-BE54-9A1E7A4F7556}") = "Foundatrion.Text", "Text\Foundatrion.Text.csproj", "{B0822FB4-EAEE-4A07-939F-707EB0E7C22E}"
EndProject
Project("{9A19103F-16F7-4668-BE54-9A1E7A4F7556}") = "Foundation.Configuration", "Configuration\Foundation.Configuration.csproj", "{57E5BC89-7947-4800-B88A-4EABE495F5D7}"
EndProject
Project("{FAE04EC0-301F-11D3-BF4B-00C04F79EFBC}") = "Foundation.IO", "IO\Foundation.IO.csproj", "{126799A4-A96D-4C53-B072-57901D2125BA}"
EndProject
Project("{FAE04EC0-301F-11D3-BF4B-00C04F79EFBC}") = "Foundation.Threading", "Threading\Foundation.Threading.csproj", "{95F770B7-CF2D-4319-9330-FD6AFF3E97BB}"
EndProject
Project("{FAE04EC0-301F-11D3-BF4B-00C04F79EFBC}") = "Foundation.Data", "Data\Foundation.Data.csproj", "{23725494-F83F-4781-9F79-39D93192F489}"
EndProject
Project("{FAE04EC0-301F-11D3-BF4B-00C04F79EFBC}") = "Foundation.DefaultLog", "DefaultLog\Foundation.DefaultLog.csproj", "{A42BEE4A-C551-4A17-B8FB-D8E18A803220}"
EndProject
Project("{FAE04EC0-301F-11D3-BF4B-00C04F79EFBC}") = "Foundation.Deployment", "Deployment\Foundation.Deployment.csproj", "{EE8F644E-338B-46F5-8B35-85896A0AD56C}"
EndProject
Project("{FAE04EC0-301F-11D3-BF4B-00C04F79EFBC}") = "Foundation.Diagnostics", "Diagnostics\Foundation.Diagnostics.csproj", "{A3E0535B-91EC-48B6-94B5-0AF183F18749}"
EndProject
Project("{FAE04EC0-301F-11D3-BF4B-00C04F79EFBC}") = "Foundation.Data.SqlClient2", "Data.SqlClient2\Foundation.Data.SqlClient2.csproj", "{618084BA-D802-489D-BFB1-D50EAAC56162}"
EndProject
Global
	GlobalSection(SolutionConfigurationPlatforms) = preSolution
		Debug|Any CPU = Debug|Any CPU
		Release|Any CPU = Release|Any CPU
	EndGlobalSection
	GlobalSection(ProjectConfigurationPlatforms) = postSolution
		{0F950B25-F434-47D7-B72A-FCD3312CF210}.Debug|Any CPU.ActiveCfg = Debug|Any CPU
		{0F950B25-F434-47D7-B72A-FCD3312CF210}.Debug|Any CPU.Build.0 = Debug|Any CPU
		{0F950B25-F434-47D7-B72A-FCD3312CF210}.Release|Any CPU.ActiveCfg = Release|Any CPU
		{0F950B25-F434-47D7-B72A-FCD3312CF210}.Release|Any CPU.Build.0 = Release|Any CPU
		{02EA7F5A-0175-46AA-BFE6-B51207323746}.Debug|Any CPU.ActiveCfg = Debug|Any CPU
		{02EA7F5A-0175-46AA-BFE6-B51207323746}.Debug|Any CPU.Build.0 = Debug|Any CPU
		{02EA7F5A-0175-46AA-BFE6-B51207323746}.Release|Any CPU.ActiveCfg = Release|Any CPU
		{02EA7F5A-0175-46AA-BFE6-B51207323746}.Release|Any CPU.Build.0 = Release|Any CPU
		{31E2EC1B-05D8-4A30-979B-50438C2A6099}.Debug|Any CPU.ActiveCfg = Debug|Any CPU
		{31E2EC1B-05D8-4A30-979B-50438C2A6099}.Debug|Any CPU.Build.0 = Debug|Any CPU
		{31E2EC1B-05D8-4A30-979B-50438C2A6099}.Release|Any CPU.ActiveCfg = Release|Any CPU
		{31E2EC1B-05D8-4A30-979B-50438C2A6099}.Release|Any CPU.Build.0 = Release|Any CPU
		{0FDDF8E8-B76C-4DE8-8757-F31FA2E7182E}.Debug|Any CPU.ActiveCfg = Debug|Any CPU
		{0FDDF8E8-B76C-4DE8-8757-F31FA2E7182E}.Debug|Any CPU.Build.0 = Debug|Any CPU
		{0FDDF8E8-B76C-4DE8-8757-F31FA2E7182E}.Release|Any CPU.ActiveCfg = Release|Any CPU
		{0FDDF8E8-B76C-4DE8-8757-F31FA2E7182E}.Release|Any CPU.Build.0 = Release|Any CPU
		{32B3EEF4-E25F-4D01-B8CD-5EB1A3A1EB02}.Debug|Any CPU.ActiveCfg = Debug|Any CPU
		{32B3EEF4-E25F-4D01-B8CD-5EB1A3A1EB02}.Debug|Any CPU.Build.0 = Debug|Any CPU
		{32B3EEF4-E25F-4D01-B8CD-5EB1A3A1EB02}.Release|Any CPU.ActiveCfg = Release|Any CPU
		{32B3EEF4-E25F-4D01-B8CD-5EB1A3A1EB02}.Release|Any CPU.Build.0 = Release|Any CPU
		{D14CB962-6163-4C31-8719-3B8B527146F9}.Debug|Any CPU.ActiveCfg = Debug|Any CPU
		{D14CB962-6163-4C31-8719-3B8B527146F9}.Debug|Any CPU.Build.0 = Debug|Any CPU
		{D14CB962-6163-4C31-8719-3B8B527146F9}.Release|Any CPU.ActiveCfg = Release|Any CPU
		{D14CB962-6163-4C31-8719-3B8B527146F9}.Release|Any CPU.Build.0 = Release|Any CPU
		{AC9A8007-37EE-492B-9513-281A11EAB733}.Debug|Any CPU.ActiveCfg = Debug|Any CPU
		{AC9A8007-37EE-492B-9513-281A11EAB733}.Debug|Any CPU.Build.0 = Debug|Any CPU
		{AC9A8007-37EE-492B-9513-281A11EAB733}.Release|Any CPU.ActiveCfg = Release|Any CPU
		{AC9A8007-37EE-492B-9513-281A11EAB733}.Release|Any CPU.Build.0 = Release|Any CPU
		{B0822FB4-EAEE-4A07-939F-707EB0E7C22E}.Debug|Any CPU.ActiveCfg = Debug|Any CPU
		{B0822FB4-EAEE-4A07-939F-707EB0E7C22E}.Debug|Any CPU.Build.0 = Debug|Any CPU
		{B0822FB4-EAEE-4A07-939F-707EB0E7C22E}.Release|Any CPU.ActiveCfg = Release|Any CPU
		{B0822FB4-EAEE-4A07-939F-707EB0E7C22E}.Release|Any CPU.Build.0 = Release|Any CPU
		{57E5BC89-7947-4800-B88A-4EABE495F5D7}.Debug|Any CPU.ActiveCfg = Debug|Any CPU
		{57E5BC89-7947-4800-B88A-4EABE495F5D7}.Debug|Any CPU.Build.0 = Debug|Any CPU
		{57E5BC89-7947-4800-B88A-4EABE495F5D7}.Release|Any CPU.ActiveCfg = Release|Any CPU
		{57E5BC89-7947-4800-B88A-4EABE495F5D7}.Release|Any CPU.Build.0 = Release|Any CPU
		{126799A4-A96D-4C53-B072-57901D2125BA}.Debug|Any CPU.ActiveCfg = Debug|Any CPU
		{126799A4-A96D-4C53-B072-57901D2125BA}.Debug|Any CPU.Build.0 = Debug|Any CPU
		{126799A4-A96D-4C53-B072-57901D2125BA}.Release|Any CPU.ActiveCfg = Release|Any CPU
		{126799A4-A96D-4C53-B072-57901D2125BA}.Release|Any CPU.Build.0 = Release|Any CPU
		{95F770B7-CF2D-4319-9330-FD6AFF3E97BB}.Debug|Any CPU.ActiveCfg = Debug|Any CPU
		{95F770B7-CF2D-4319-9330-FD6AFF3E97BB}.Debug|Any CPU.Build.0 = Debug|Any CPU
		{95F770B7-CF2D-4319-9330-FD6AFF3E97BB}.Release|Any CPU.ActiveCfg = Release|Any CPU
		{95F770B7-CF2D-4319-9330-FD6AFF3E97BB}.Release|Any CPU.Build.0 = Release|Any CPU
		{23725494-F83F-4781-9F79-39D93192F489}.Debug|Any CPU.ActiveCfg = Debug|Any CPU
		{23725494-F83F-4781-9F79-39D93192F489}.Debug|Any CPU.Build.0 = Debug|Any CPU
		{23725494-F83F-4781-9F79-39D93192F489}.Release|Any CPU.ActiveCfg = Release|Any CPU
		{23725494-F83F-4781-9F79-39D93192F489}.Release|Any CPU.Build.0 = Release|Any CPU
		{A42BEE4A-C551-4A17-B8FB-D8E18A803220}.Debug|Any CPU.ActiveCfg = Debug|Any CPU
		{A42BEE4A-C551-4A17-B8FB-D8E18A803220}.Debug|Any CPU.Build.0 = Debug|Any CPU
		{A42BEE4A-C551-4A17-B8FB-D8E18A803220}.Release|Any CPU.ActiveCfg = Release|Any CPU
		{A42BEE4A-C551-4A17-B8FB-D8E18A803220}.Release|Any CPU.Build.0 = Release|Any CPU
		{EE8F644E-338B-46F5-8B35-85896A0AD56C}.Debug|Any CPU.ActiveCfg = Debug|Any CPU
		{EE8F644E-338B-46F5-8B35-85896A0AD56C}.Debug|Any CPU.Build.0 = Debug|Any CPU
		{EE8F644E-338B-46F5-8B35-85896A0AD56C}.Release|Any CPU.ActiveCfg = Release|Any CPU
		{EE8F644E-338B-46F5-8B35-85896A0AD56C}.Release|Any CPU.Build.0 = Release|Any CPU
		{A3E0535B-91EC-48B6-94B5-0AF183F18749}.Debug|Any CPU.ActiveCfg = Debug|Any CPU
		{A3E0535B-91EC-48B6-94B5-0AF183F18749}.Debug|Any CPU.Build.0 = Debug|Any CPU
		{A3E0535B-91EC-48B6-94B5-0AF183F18749}.Release|Any CPU.ActiveCfg = Release|Any CPU
		{A3E0535B-91EC-48B6-94B5-0AF183F18749}.Release|Any CPU.Build.0 = Release|Any CPU
		{618084BA-D802-489D-BFB1-D50EAAC56162}.Debug|Any CPU.ActiveCfg = Debug|Any CPU
		{618084BA-D802-489D-BFB1-D50EAAC56162}.Debug|Any CPU.Build.0 = Debug|Any CPU
		{618084BA-D802-489D-BFB1-D50EAAC56162}.Release|Any CPU.ActiveCfg = Release|Any CPU
		{618084BA-D802-489D-BFB1-D50EAAC56162}.Release|Any CPU.Build.0 = Release|Any CPU
	EndGlobalSection
	GlobalSection(SolutionProperties) = preSolution
		HideSolutionNode = FALSE
	EndGlobalSection
	GlobalSection(ExtensibilityGlobals) = postSolution
		SolutionGuid = {3749AC56-02CB-4998-AF5C-C4402BC43297}
	EndGlobalSection
EndGlobal
