Microsoft Visual Studio Solution File, Format Version 12.00
# Visual Studio 15
VisualStudioVersion = 15.0.26430.6
MinimumVisualStudioVersion = 10.0.40219.1
Project("{FAE04EC0-301F-11D3-BF4B-00C04F79EFBC}") = "DataCommander", "DataCommander\DataCommander.csproj", "{FCD0459F-B6BF-4F88-8466-F31732C97EC3}"
EndProject
Project("{FAE04EC0-301F-11D3-BF4B-00C04F79EFBC}") = "DataCommander.Providers", "DataCommander.Providers\DataCommander.Providers.csproj", "{31A30A80-D1B6-4867-A65E-188DE9E912C8}"
EndProject
Project("{FAE04EC0-301F-11D3-BF4B-00C04F79EFBC}") = "DataCommander.Providers.SqlServer", "DataCommander.Providers.SqlServer\DataCommander.Providers.SqlServer.csproj", "{97F3ACFC-06D7-494F-ADA0-FDF1693DE112}"
EndProject
Project("{FAE04EC0-301F-11D3-BF4B-00C04F79EFBC}") = "DataCommander.Providers.SqlServerCe40", "DataCommander.Providers.SqlServerCe40\DataCommander.Providers.SqlServerCe40.csproj", "{72E6A694-639F-41B0-AD3B-4C82C1C230A8}"
EndProject
Project("{FAE04EC0-301F-11D3-BF4B-00C04F79EFBC}") = "DataCommander.Providers.Wmi", "DataCommander.Providers.Wmi\DataCommander.Providers.Wmi.csproj", "{28022DDE-613C-4A13-AE06-27C784E7919B}"
EndProject
Project("{FAE04EC0-301F-11D3-BF4B-00C04F79EFBC}") = "DataCommander.Providers.SQLite", "DataCommander.Providers.SQLite\DataCommander.Providers.SQLite.csproj", "{C7B6913B-9B3E-4A09-A053-5B18D8BDAD4D}"
EndProject
Project("{FAE04EC0-301F-11D3-BF4B-00C04F79EFBC}") = "DataCommander.Providers.OracleBase", "DataCommander.Providers.OracleBase\DataCommander.Providers.OracleBase.csproj", "{E64206C7-76FA-4C4E-9DAD-D4ACECA24F55}"
EndProject
Project("{FAE04EC0-301F-11D3-BF4B-00C04F79EFBC}") = "DataCommander.Providers.OracleClient", "DataCommander.Providers.OracleClient\DataCommander.Providers.OracleClient.csproj", "{FFF4F73F-507F-4021-AEE6-2DE70658D3A1}"
EndProject
Project("{FAE04EC0-301F-11D3-BF4B-00C04F79EFBC}") = "DataCommander.Providers.Odp", "DataCommander.Providers.Odp\DataCommander.Providers.Odp.csproj", "{C61C7CE8-690C-4AD3-9A81-62911D8E47DD}"
EndProject
Project("{FAE04EC0-301F-11D3-BF4B-00C04F79EFBC}") = "DataCommander.Providers.Msi", "DataCommander.Providers.Msi\DataCommander.Providers.Msi.csproj", "{31D78874-9C6E-4239-828A-1385A90DC16F}"
EndProject
Project("{FAE04EC0-301F-11D3-BF4B-00C04F79EFBC}") = "DataCommander.Providers.OleDb", "DataCommander.Providers.OleDb\DataCommander.Providers.OleDb.csproj", "{A24A2AE0-CB55-460D-9305-3F426DA3B3A6}"
EndProject
Project("{FAE04EC0-301F-11D3-BF4B-00C04F79EFBC}") = "DataCommander.Providers.MySql", "DataCommander.Providers.MySql\DataCommander.Providers.MySql.csproj", "{CEE8D8F8-B448-49A4-A8F8-C7CA4549172E}"
EndProject
Project("{FAE04EC0-301F-11D3-BF4B-00C04F79EFBC}") = "DataCommander.Providers.PostgreSql", "DataCommander.Providers.PostgreSql\DataCommander.Providers.PostgreSql.csproj", "{F4553DD9-F793-4DD1-9D34-98449264018B}"
EndProject
Project("{FAE04EC0-301F-11D3-BF4B-00C04F79EFBC}") = "DataCommander.Providers.Tfs-15.0.0.0", "DataCommander.Providers.Tfs-15.0.0.0\DataCommander.Providers.Tfs-15.0.0.0.csproj", "{3C2A1C8C-66FC-48E0-9B2E-40C697425336}"
EndProject
Project("{9A19103F-16F7-4668-BE54-9A1E7A4F7556}") = "Foundation.NetStandard-2.0", "Foundation.NetStandard-2.0\Foundation.NetStandard-2.0.csproj", "{04996258-F3F5-4EEC-9D3E-ACAE9726F93F}"
EndProject
Project("{FAE04EC0-301F-11D3-BF4B-00C04F79EFBC}") = "Foundation.NetFramework-4.7.1", "Foundation.NetFramework-4.7.1\Foundation.NetFramework-4.7.1.csproj", "{B8934B63-D579-4EE8-B352-13134EB8CC54}"
EndProject
Project("{FAE04EC0-301F-11D3-BF4B-00C04F79EFBC}") = "DataCommander.Updater", "DataCommander.Updater\DataCommander.Updater.csproj", "{0B6B1DFC-696B-457A-A57E-A0BCBA0C463D}"
EndProject
Project("{2150E333-8FDC-42A3-9474-1A3956D46DE8}") = "Solution Items", "Solution Items", "{DBA94D33-D30A-408A-96D9-9D573604D3AA}"
	ProjectSection(SolutionItems) = preProject
		.gitattributes = .gitattributes
		.gitignore = .gitignore
		LICENSE = LICENSE
		README.md = README.md
		Version.txt = Version.txt
	EndProjectSection
EndProject
Project("{FAE04EC0-301F-11D3-BF4B-00C04F79EFBC}") = "Foundation.Deployment", "Foundation.Deployment\Foundation.Deployment.csproj", "{7DB3820F-E3E1-4085-8D37-EF64BA9274C8}"
EndProject
Global
	GlobalSection(SolutionConfigurationPlatforms) = preSolution
		ClientRelease|Any CPU = ClientRelease|Any CPU
		ClientRelease|x86 = ClientRelease|x86
		Debug|Any CPU = Debug|Any CPU
		Debug|x86 = Debug|x86
		NDoc|Any CPU = NDoc|Any CPU
		NDoc|x86 = NDoc|x86
		Release|Any CPU = Release|Any CPU
		Release|x86 = Release|x86
		Test|Any CPU = Test|Any CPU
		Test|x86 = Test|x86
	EndGlobalSection
	GlobalSection(ProjectConfigurationPlatforms) = postSolution
		{FCD0459F-B6BF-4F88-8466-F31732C97EC3}.ClientRelease|Any CPU.ActiveCfg = Release|Any CPU
		{FCD0459F-B6BF-4F88-8466-F31732C97EC3}.ClientRelease|Any CPU.Build.0 = Release|Any CPU
		{FCD0459F-B6BF-4F88-8466-F31732C97EC3}.ClientRelease|x86.ActiveCfg = Release|x86
		{FCD0459F-B6BF-4F88-8466-F31732C97EC3}.ClientRelease|x86.Build.0 = Release|x86
		{FCD0459F-B6BF-4F88-8466-F31732C97EC3}.Debug|Any CPU.ActiveCfg = Debug|Any CPU
		{FCD0459F-B6BF-4F88-8466-F31732C97EC3}.Debug|Any CPU.Build.0 = Debug|Any CPU
		{FCD0459F-B6BF-4F88-8466-F31732C97EC3}.Debug|x86.ActiveCfg = Debug|x86
		{FCD0459F-B6BF-4F88-8466-F31732C97EC3}.Debug|x86.Build.0 = Debug|x86
		{FCD0459F-B6BF-4F88-8466-F31732C97EC3}.NDoc|Any CPU.ActiveCfg = Release|Any CPU
		{FCD0459F-B6BF-4F88-8466-F31732C97EC3}.NDoc|Any CPU.Build.0 = Release|Any CPU
		{FCD0459F-B6BF-4F88-8466-F31732C97EC3}.NDoc|x86.ActiveCfg = Release|x86
		{FCD0459F-B6BF-4F88-8466-F31732C97EC3}.NDoc|x86.Build.0 = Release|x86
		{FCD0459F-B6BF-4F88-8466-F31732C97EC3}.Release|Any CPU.ActiveCfg = Release|Any CPU
		{FCD0459F-B6BF-4F88-8466-F31732C97EC3}.Release|Any CPU.Build.0 = Release|Any CPU
		{FCD0459F-B6BF-4F88-8466-F31732C97EC3}.Release|x86.ActiveCfg = Release|x86
		{FCD0459F-B6BF-4F88-8466-F31732C97EC3}.Release|x86.Build.0 = Release|x86
		{FCD0459F-B6BF-4F88-8466-F31732C97EC3}.Test|Any CPU.ActiveCfg = Release|x86
		{FCD0459F-B6BF-4F88-8466-F31732C97EC3}.Test|x86.ActiveCfg = Release|x86
		{FCD0459F-B6BF-4F88-8466-F31732C97EC3}.Test|x86.Build.0 = Release|x86
		{31A30A80-D1B6-4867-A65E-188DE9E912C8}.ClientRelease|Any CPU.ActiveCfg = Release|Any CPU
		{31A30A80-D1B6-4867-A65E-188DE9E912C8}.ClientRelease|Any CPU.Build.0 = Release|Any CPU
		{31A30A80-D1B6-4867-A65E-188DE9E912C8}.ClientRelease|x86.ActiveCfg = Release|x86
		{31A30A80-D1B6-4867-A65E-188DE9E912C8}.ClientRelease|x86.Build.0 = Release|x86
		{31A30A80-D1B6-4867-A65E-188DE9E912C8}.Debug|Any CPU.ActiveCfg = Debug|Any CPU
		{31A30A80-D1B6-4867-A65E-188DE9E912C8}.Debug|Any CPU.Build.0 = Debug|Any CPU
		{31A30A80-D1B6-4867-A65E-188DE9E912C8}.Debug|x86.ActiveCfg = Debug|x86
		{31A30A80-D1B6-4867-A65E-188DE9E912C8}.Debug|x86.Build.0 = Debug|x86
		{31A30A80-D1B6-4867-A65E-188DE9E912C8}.NDoc|Any CPU.ActiveCfg = Release|Any CPU
		{31A30A80-D1B6-4867-A65E-188DE9E912C8}.NDoc|Any CPU.Build.0 = Release|Any CPU
		{31A30A80-D1B6-4867-A65E-188DE9E912C8}.NDoc|x86.ActiveCfg = Release|x86
		{31A30A80-D1B6-4867-A65E-188DE9E912C8}.NDoc|x86.Build.0 = Release|x86
		{31A30A80-D1B6-4867-A65E-188DE9E912C8}.Release|Any CPU.ActiveCfg = Release|Any CPU
		{31A30A80-D1B6-4867-A65E-188DE9E912C8}.Release|Any CPU.Build.0 = Release|Any CPU
		{31A30A80-D1B6-4867-A65E-188DE9E912C8}.Release|x86.ActiveCfg = Release|x86
		{31A30A80-D1B6-4867-A65E-188DE9E912C8}.Release|x86.Build.0 = Release|x86
		{31A30A80-D1B6-4867-A65E-188DE9E912C8}.Test|Any CPU.ActiveCfg = Release|x86
		{31A30A80-D1B6-4867-A65E-188DE9E912C8}.Test|x86.ActiveCfg = Release|x86
		{31A30A80-D1B6-4867-A65E-188DE9E912C8}.Test|x86.Build.0 = Release|x86
		{97F3ACFC-06D7-494F-ADA0-FDF1693DE112}.ClientRelease|Any CPU.ActiveCfg = Release|Any CPU
		{97F3ACFC-06D7-494F-ADA0-FDF1693DE112}.ClientRelease|Any CPU.Build.0 = Release|Any CPU
		{97F3ACFC-06D7-494F-ADA0-FDF1693DE112}.ClientRelease|x86.ActiveCfg = Release|x86
		{97F3ACFC-06D7-494F-ADA0-FDF1693DE112}.ClientRelease|x86.Build.0 = Release|x86
		{97F3ACFC-06D7-494F-ADA0-FDF1693DE112}.Debug|Any CPU.ActiveCfg = Debug|Any CPU
		{97F3ACFC-06D7-494F-ADA0-FDF1693DE112}.Debug|Any CPU.Build.0 = Debug|Any CPU
		{97F3ACFC-06D7-494F-ADA0-FDF1693DE112}.Debug|x86.ActiveCfg = Debug|x86
		{97F3ACFC-06D7-494F-ADA0-FDF1693DE112}.Debug|x86.Build.0 = Debug|x86
		{97F3ACFC-06D7-494F-ADA0-FDF1693DE112}.NDoc|Any CPU.ActiveCfg = Release|Any CPU
		{97F3ACFC-06D7-494F-ADA0-FDF1693DE112}.NDoc|Any CPU.Build.0 = Release|Any CPU
		{97F3ACFC-06D7-494F-ADA0-FDF1693DE112}.NDoc|x86.ActiveCfg = Release|x86
		{97F3ACFC-06D7-494F-ADA0-FDF1693DE112}.NDoc|x86.Build.0 = Release|x86
		{97F3ACFC-06D7-494F-ADA0-FDF1693DE112}.Release|Any CPU.ActiveCfg = Release|Any CPU
		{97F3ACFC-06D7-494F-ADA0-FDF1693DE112}.Release|Any CPU.Build.0 = Release|Any CPU
		{97F3ACFC-06D7-494F-ADA0-FDF1693DE112}.Release|x86.ActiveCfg = Release|x86
		{97F3ACFC-06D7-494F-ADA0-FDF1693DE112}.Release|x86.Build.0 = Release|x86
		{97F3ACFC-06D7-494F-ADA0-FDF1693DE112}.Test|Any CPU.ActiveCfg = Release|x86
		{97F3ACFC-06D7-494F-ADA0-FDF1693DE112}.Test|x86.ActiveCfg = Release|x86
		{97F3ACFC-06D7-494F-ADA0-FDF1693DE112}.Test|x86.Build.0 = Release|x86
		{72E6A694-639F-41B0-AD3B-4C82C1C230A8}.ClientRelease|Any CPU.ActiveCfg = Release|Any CPU
		{72E6A694-639F-41B0-AD3B-4C82C1C230A8}.ClientRelease|Any CPU.Build.0 = Release|Any CPU
		{72E6A694-639F-41B0-AD3B-4C82C1C230A8}.ClientRelease|x86.ActiveCfg = Release|Any CPU
		{72E6A694-639F-41B0-AD3B-4C82C1C230A8}.Debug|Any CPU.ActiveCfg = Debug|Any CPU
		{72E6A694-639F-41B0-AD3B-4C82C1C230A8}.Debug|Any CPU.Build.0 = Debug|Any CPU
		{72E6A694-639F-41B0-AD3B-4C82C1C230A8}.Debug|x86.ActiveCfg = Debug|Any CPU
		{72E6A694-639F-41B0-AD3B-4C82C1C230A8}.NDoc|Any CPU.ActiveCfg = Release|Any CPU
		{72E6A694-639F-41B0-AD3B-4C82C1C230A8}.NDoc|Any CPU.Build.0 = Release|Any CPU
		{72E6A694-639F-41B0-AD3B-4C82C1C230A8}.NDoc|x86.ActiveCfg = Release|Any CPU
		{72E6A694-639F-41B0-AD3B-4C82C1C230A8}.Release|Any CPU.ActiveCfg = Release|Any CPU
		{72E6A694-639F-41B0-AD3B-4C82C1C230A8}.Release|Any CPU.Build.0 = Release|Any CPU
		{72E6A694-639F-41B0-AD3B-4C82C1C230A8}.Release|x86.ActiveCfg = Release|Any CPU
		{72E6A694-639F-41B0-AD3B-4C82C1C230A8}.Test|Any CPU.ActiveCfg = Release|Any CPU
		{72E6A694-639F-41B0-AD3B-4C82C1C230A8}.Test|Any CPU.Build.0 = Release|Any CPU
		{72E6A694-639F-41B0-AD3B-4C82C1C230A8}.Test|x86.ActiveCfg = Release|Any CPU
		{28022DDE-613C-4A13-AE06-27C784E7919B}.ClientRelease|Any CPU.ActiveCfg = Release|Any CPU
		{28022DDE-613C-4A13-AE06-27C784E7919B}.ClientRelease|Any CPU.Build.0 = Release|Any CPU
		{28022DDE-613C-4A13-AE06-27C784E7919B}.ClientRelease|x86.ActiveCfg = Release|x86
		{28022DDE-613C-4A13-AE06-27C784E7919B}.ClientRelease|x86.Build.0 = Release|x86
		{28022DDE-613C-4A13-AE06-27C784E7919B}.Debug|Any CPU.ActiveCfg = Debug|Any CPU
		{28022DDE-613C-4A13-AE06-27C784E7919B}.Debug|Any CPU.Build.0 = Debug|Any CPU
		{28022DDE-613C-4A13-AE06-27C784E7919B}.Debug|x86.ActiveCfg = Debug|x86
		{28022DDE-613C-4A13-AE06-27C784E7919B}.Debug|x86.Build.0 = Debug|x86
		{28022DDE-613C-4A13-AE06-27C784E7919B}.NDoc|Any CPU.ActiveCfg = Release|Any CPU
		{28022DDE-613C-4A13-AE06-27C784E7919B}.NDoc|Any CPU.Build.0 = Release|Any CPU
		{28022DDE-613C-4A13-AE06-27C784E7919B}.NDoc|x86.ActiveCfg = Release|x86
		{28022DDE-613C-4A13-AE06-27C784E7919B}.NDoc|x86.Build.0 = Release|x86
		{28022DDE-613C-4A13-AE06-27C784E7919B}.Release|Any CPU.ActiveCfg = Release|Any CPU
		{28022DDE-613C-4A13-AE06-27C784E7919B}.Release|Any CPU.Build.0 = Release|Any CPU
		{28022DDE-613C-4A13-AE06-27C784E7919B}.Release|x86.ActiveCfg = Release|x86
		{28022DDE-613C-4A13-AE06-27C784E7919B}.Release|x86.Build.0 = Release|x86
		{28022DDE-613C-4A13-AE06-27C784E7919B}.Test|Any CPU.ActiveCfg = Release|Any CPU
		{28022DDE-613C-4A13-AE06-27C784E7919B}.Test|Any CPU.Build.0 = Release|Any CPU
		{28022DDE-613C-4A13-AE06-27C784E7919B}.Test|x86.ActiveCfg = Release|x86
		{28022DDE-613C-4A13-AE06-27C784E7919B}.Test|x86.Build.0 = Release|x86
		{C7B6913B-9B3E-4A09-A053-5B18D8BDAD4D}.ClientRelease|Any CPU.ActiveCfg = Release|Any CPU
		{C7B6913B-9B3E-4A09-A053-5B18D8BDAD4D}.ClientRelease|Any CPU.Build.0 = Release|Any CPU
		{C7B6913B-9B3E-4A09-A053-5B18D8BDAD4D}.ClientRelease|x86.ActiveCfg = Release|x86
		{C7B6913B-9B3E-4A09-A053-5B18D8BDAD4D}.ClientRelease|x86.Build.0 = Release|x86
		{C7B6913B-9B3E-4A09-A053-5B18D8BDAD4D}.Debug|Any CPU.ActiveCfg = Debug|Any CPU
		{C7B6913B-9B3E-4A09-A053-5B18D8BDAD4D}.Debug|Any CPU.Build.0 = Debug|Any CPU
		{C7B6913B-9B3E-4A09-A053-5B18D8BDAD4D}.Debug|x86.ActiveCfg = Debug|x86
		{C7B6913B-9B3E-4A09-A053-5B18D8BDAD4D}.Debug|x86.Build.0 = Debug|x86
		{C7B6913B-9B3E-4A09-A053-5B18D8BDAD4D}.NDoc|Any CPU.ActiveCfg = Release|Any CPU
		{C7B6913B-9B3E-4A09-A053-5B18D8BDAD4D}.NDoc|Any CPU.Build.0 = Release|Any CPU
		{C7B6913B-9B3E-4A09-A053-5B18D8BDAD4D}.NDoc|x86.ActiveCfg = Release|x86
		{C7B6913B-9B3E-4A09-A053-5B18D8BDAD4D}.NDoc|x86.Build.0 = Release|x86
		{C7B6913B-9B3E-4A09-A053-5B18D8BDAD4D}.Release|Any CPU.ActiveCfg = Release|Any CPU
		{C7B6913B-9B3E-4A09-A053-5B18D8BDAD4D}.Release|Any CPU.Build.0 = Release|Any CPU
		{C7B6913B-9B3E-4A09-A053-5B18D8BDAD4D}.Release|x86.ActiveCfg = Release|x86
		{C7B6913B-9B3E-4A09-A053-5B18D8BDAD4D}.Release|x86.Build.0 = Release|x86
		{C7B6913B-9B3E-4A09-A053-5B18D8BDAD4D}.Test|Any CPU.ActiveCfg = Release|Any CPU
		{C7B6913B-9B3E-4A09-A053-5B18D8BDAD4D}.Test|Any CPU.Build.0 = Release|Any CPU
		{C7B6913B-9B3E-4A09-A053-5B18D8BDAD4D}.Test|x86.ActiveCfg = Release|x86
		{C7B6913B-9B3E-4A09-A053-5B18D8BDAD4D}.Test|x86.Build.0 = Release|x86
		{E64206C7-76FA-4C4E-9DAD-D4ACECA24F55}.ClientRelease|Any CPU.ActiveCfg = Release|Any CPU
		{E64206C7-76FA-4C4E-9DAD-D4ACECA24F55}.ClientRelease|Any CPU.Build.0 = Release|Any CPU
		{E64206C7-76FA-4C4E-9DAD-D4ACECA24F55}.ClientRelease|x86.ActiveCfg = Release|x86
		{E64206C7-76FA-4C4E-9DAD-D4ACECA24F55}.ClientRelease|x86.Build.0 = Release|x86
		{E64206C7-76FA-4C4E-9DAD-D4ACECA24F55}.Debug|Any CPU.ActiveCfg = Debug|Any CPU
		{E64206C7-76FA-4C4E-9DAD-D4ACECA24F55}.Debug|Any CPU.Build.0 = Debug|Any CPU
		{E64206C7-76FA-4C4E-9DAD-D4ACECA24F55}.Debug|x86.ActiveCfg = Debug|x86
		{E64206C7-76FA-4C4E-9DAD-D4ACECA24F55}.Debug|x86.Build.0 = Debug|x86
		{E64206C7-76FA-4C4E-9DAD-D4ACECA24F55}.NDoc|Any CPU.ActiveCfg = Release|Any CPU
		{E64206C7-76FA-4C4E-9DAD-D4ACECA24F55}.NDoc|Any CPU.Build.0 = Release|Any CPU
		{E64206C7-76FA-4C4E-9DAD-D4ACECA24F55}.NDoc|x86.ActiveCfg = Release|x86
		{E64206C7-76FA-4C4E-9DAD-D4ACECA24F55}.NDoc|x86.Build.0 = Release|x86
		{E64206C7-76FA-4C4E-9DAD-D4ACECA24F55}.Release|Any CPU.ActiveCfg = Release|Any CPU
		{E64206C7-76FA-4C4E-9DAD-D4ACECA24F55}.Release|Any CPU.Build.0 = Release|Any CPU
		{E64206C7-76FA-4C4E-9DAD-D4ACECA24F55}.Release|x86.ActiveCfg = Release|x86
		{E64206C7-76FA-4C4E-9DAD-D4ACECA24F55}.Release|x86.Build.0 = Release|x86
		{E64206C7-76FA-4C4E-9DAD-D4ACECA24F55}.Test|Any CPU.ActiveCfg = Release|Any CPU
		{E64206C7-76FA-4C4E-9DAD-D4ACECA24F55}.Test|Any CPU.Build.0 = Release|Any CPU
		{E64206C7-76FA-4C4E-9DAD-D4ACECA24F55}.Test|x86.ActiveCfg = Release|x86
		{E64206C7-76FA-4C4E-9DAD-D4ACECA24F55}.Test|x86.Build.0 = Release|x86
		{FFF4F73F-507F-4021-AEE6-2DE70658D3A1}.ClientRelease|Any CPU.ActiveCfg = Release|Any CPU
		{FFF4F73F-507F-4021-AEE6-2DE70658D3A1}.ClientRelease|Any CPU.Build.0 = Release|Any CPU
		{FFF4F73F-507F-4021-AEE6-2DE70658D3A1}.ClientRelease|x86.ActiveCfg = Release|x86
		{FFF4F73F-507F-4021-AEE6-2DE70658D3A1}.ClientRelease|x86.Build.0 = Release|x86
		{FFF4F73F-507F-4021-AEE6-2DE70658D3A1}.Debug|Any CPU.ActiveCfg = Debug|Any CPU
		{FFF4F73F-507F-4021-AEE6-2DE70658D3A1}.Debug|Any CPU.Build.0 = Debug|Any CPU
		{FFF4F73F-507F-4021-AEE6-2DE70658D3A1}.Debug|x86.ActiveCfg = Debug|x86
		{FFF4F73F-507F-4021-AEE6-2DE70658D3A1}.Debug|x86.Build.0 = Debug|x86
		{FFF4F73F-507F-4021-AEE6-2DE70658D3A1}.NDoc|Any CPU.ActiveCfg = Release|Any CPU
		{FFF4F73F-507F-4021-AEE6-2DE70658D3A1}.NDoc|Any CPU.Build.0 = Release|Any CPU
		{FFF4F73F-507F-4021-AEE6-2DE70658D3A1}.NDoc|x86.ActiveCfg = Release|x86
		{FFF4F73F-507F-4021-AEE6-2DE70658D3A1}.NDoc|x86.Build.0 = Release|x86
		{FFF4F73F-507F-4021-AEE6-2DE70658D3A1}.Release|Any CPU.ActiveCfg = Release|Any CPU
		{FFF4F73F-507F-4021-AEE6-2DE70658D3A1}.Release|Any CPU.Build.0 = Release|Any CPU
		{FFF4F73F-507F-4021-AEE6-2DE70658D3A1}.Release|x86.ActiveCfg = Release|x86
		{FFF4F73F-507F-4021-AEE6-2DE70658D3A1}.Release|x86.Build.0 = Release|x86
		{FFF4F73F-507F-4021-AEE6-2DE70658D3A1}.Test|Any CPU.ActiveCfg = Release|Any CPU
		{FFF4F73F-507F-4021-AEE6-2DE70658D3A1}.Test|Any CPU.Build.0 = Release|Any CPU
		{FFF4F73F-507F-4021-AEE6-2DE70658D3A1}.Test|x86.ActiveCfg = Release|x86
		{FFF4F73F-507F-4021-AEE6-2DE70658D3A1}.Test|x86.Build.0 = Release|x86
		{C61C7CE8-690C-4AD3-9A81-62911D8E47DD}.ClientRelease|Any CPU.ActiveCfg = Release|Any CPU
		{C61C7CE8-690C-4AD3-9A81-62911D8E47DD}.ClientRelease|Any CPU.Build.0 = Release|Any CPU
		{C61C7CE8-690C-4AD3-9A81-62911D8E47DD}.ClientRelease|x86.ActiveCfg = Release|Any CPU
		{C61C7CE8-690C-4AD3-9A81-62911D8E47DD}.Debug|Any CPU.ActiveCfg = Debug|Any CPU
		{C61C7CE8-690C-4AD3-9A81-62911D8E47DD}.Debug|Any CPU.Build.0 = Debug|Any CPU
		{C61C7CE8-690C-4AD3-9A81-62911D8E47DD}.Debug|x86.ActiveCfg = Debug|Any CPU
		{C61C7CE8-690C-4AD3-9A81-62911D8E47DD}.NDoc|Any CPU.ActiveCfg = Release|Any CPU
		{C61C7CE8-690C-4AD3-9A81-62911D8E47DD}.NDoc|Any CPU.Build.0 = Release|Any CPU
		{C61C7CE8-690C-4AD3-9A81-62911D8E47DD}.NDoc|x86.ActiveCfg = Release|Any CPU
		{C61C7CE8-690C-4AD3-9A81-62911D8E47DD}.Release|Any CPU.ActiveCfg = Release|Any CPU
		{C61C7CE8-690C-4AD3-9A81-62911D8E47DD}.Release|Any CPU.Build.0 = Release|Any CPU
		{C61C7CE8-690C-4AD3-9A81-62911D8E47DD}.Release|x86.ActiveCfg = Release|Any CPU
		{C61C7CE8-690C-4AD3-9A81-62911D8E47DD}.Test|Any CPU.ActiveCfg = Release|Any CPU
		{C61C7CE8-690C-4AD3-9A81-62911D8E47DD}.Test|Any CPU.Build.0 = Release|Any CPU
		{C61C7CE8-690C-4AD3-9A81-62911D8E47DD}.Test|x86.ActiveCfg = Release|Any CPU
		{31D78874-9C6E-4239-828A-1385A90DC16F}.ClientRelease|Any CPU.ActiveCfg = Release|Any CPU
		{31D78874-9C6E-4239-828A-1385A90DC16F}.ClientRelease|Any CPU.Build.0 = Release|Any CPU
		{31D78874-9C6E-4239-828A-1385A90DC16F}.ClientRelease|x86.ActiveCfg = Release|Any CPU
		{31D78874-9C6E-4239-828A-1385A90DC16F}.Debug|Any CPU.ActiveCfg = Debug|Any CPU
		{31D78874-9C6E-4239-828A-1385A90DC16F}.Debug|Any CPU.Build.0 = Debug|Any CPU
		{31D78874-9C6E-4239-828A-1385A90DC16F}.Debug|x86.ActiveCfg = Debug|Any CPU
		{31D78874-9C6E-4239-828A-1385A90DC16F}.NDoc|Any CPU.ActiveCfg = Release|Any CPU
		{31D78874-9C6E-4239-828A-1385A90DC16F}.NDoc|Any CPU.Build.0 = Release|Any CPU
		{31D78874-9C6E-4239-828A-1385A90DC16F}.NDoc|x86.ActiveCfg = Release|Any CPU
		{31D78874-9C6E-4239-828A-1385A90DC16F}.Release|Any CPU.ActiveCfg = Release|Any CPU
		{31D78874-9C6E-4239-828A-1385A90DC16F}.Release|Any CPU.Build.0 = Release|Any CPU
		{31D78874-9C6E-4239-828A-1385A90DC16F}.Release|x86.ActiveCfg = Release|Any CPU
		{31D78874-9C6E-4239-828A-1385A90DC16F}.Test|Any CPU.ActiveCfg = Release|Any CPU
		{31D78874-9C6E-4239-828A-1385A90DC16F}.Test|Any CPU.Build.0 = Release|Any CPU
		{31D78874-9C6E-4239-828A-1385A90DC16F}.Test|x86.ActiveCfg = Release|Any CPU
		{A24A2AE0-CB55-460D-9305-3F426DA3B3A6}.ClientRelease|Any CPU.ActiveCfg = Release|Any CPU
		{A24A2AE0-CB55-460D-9305-3F426DA3B3A6}.ClientRelease|Any CPU.Build.0 = Release|Any CPU
		{A24A2AE0-CB55-460D-9305-3F426DA3B3A6}.ClientRelease|x86.ActiveCfg = Release|x86
		{A24A2AE0-CB55-460D-9305-3F426DA3B3A6}.ClientRelease|x86.Build.0 = Release|x86
		{A24A2AE0-CB55-460D-9305-3F426DA3B3A6}.Debug|Any CPU.ActiveCfg = Debug|Any CPU
		{A24A2AE0-CB55-460D-9305-3F426DA3B3A6}.Debug|Any CPU.Build.0 = Debug|Any CPU
		{A24A2AE0-CB55-460D-9305-3F426DA3B3A6}.Debug|x86.ActiveCfg = Debug|x86
		{A24A2AE0-CB55-460D-9305-3F426DA3B3A6}.Debug|x86.Build.0 = Debug|x86
		{A24A2AE0-CB55-460D-9305-3F426DA3B3A6}.NDoc|Any CPU.ActiveCfg = Release|Any CPU
		{A24A2AE0-CB55-460D-9305-3F426DA3B3A6}.NDoc|Any CPU.Build.0 = Release|Any CPU
		{A24A2AE0-CB55-460D-9305-3F426DA3B3A6}.NDoc|x86.ActiveCfg = Release|x86
		{A24A2AE0-CB55-460D-9305-3F426DA3B3A6}.NDoc|x86.Build.0 = Release|x86
		{A24A2AE0-CB55-460D-9305-3F426DA3B3A6}.Release|Any CPU.ActiveCfg = Release|Any CPU
		{A24A2AE0-CB55-460D-9305-3F426DA3B3A6}.Release|Any CPU.Build.0 = Release|Any CPU
		{A24A2AE0-CB55-460D-9305-3F426DA3B3A6}.Release|x86.ActiveCfg = Release|x86
		{A24A2AE0-CB55-460D-9305-3F426DA3B3A6}.Release|x86.Build.0 = Release|x86
		{A24A2AE0-CB55-460D-9305-3F426DA3B3A6}.Test|Any CPU.ActiveCfg = Release|Any CPU
		{A24A2AE0-CB55-460D-9305-3F426DA3B3A6}.Test|Any CPU.Build.0 = Release|Any CPU
		{A24A2AE0-CB55-460D-9305-3F426DA3B3A6}.Test|x86.ActiveCfg = Release|x86
		{A24A2AE0-CB55-460D-9305-3F426DA3B3A6}.Test|x86.Build.0 = Release|x86
		{CEE8D8F8-B448-49A4-A8F8-C7CA4549172E}.ClientRelease|Any CPU.ActiveCfg = Release|Any CPU
		{CEE8D8F8-B448-49A4-A8F8-C7CA4549172E}.ClientRelease|Any CPU.Build.0 = Release|Any CPU
		{CEE8D8F8-B448-49A4-A8F8-C7CA4549172E}.ClientRelease|x86.ActiveCfg = Release|Any CPU
		{CEE8D8F8-B448-49A4-A8F8-C7CA4549172E}.Debug|Any CPU.ActiveCfg = Debug|Any CPU
		{CEE8D8F8-B448-49A4-A8F8-C7CA4549172E}.Debug|Any CPU.Build.0 = Debug|Any CPU
		{CEE8D8F8-B448-49A4-A8F8-C7CA4549172E}.Debug|x86.ActiveCfg = Debug|Any CPU
		{CEE8D8F8-B448-49A4-A8F8-C7CA4549172E}.NDoc|Any CPU.ActiveCfg = Release|Any CPU
		{CEE8D8F8-B448-49A4-A8F8-C7CA4549172E}.NDoc|Any CPU.Build.0 = Release|Any CPU
		{CEE8D8F8-B448-49A4-A8F8-C7CA4549172E}.NDoc|x86.ActiveCfg = Release|Any CPU
		{CEE8D8F8-B448-49A4-A8F8-C7CA4549172E}.Release|Any CPU.ActiveCfg = Release|Any CPU
		{CEE8D8F8-B448-49A4-A8F8-C7CA4549172E}.Release|Any CPU.Build.0 = Release|Any CPU
		{CEE8D8F8-B448-49A4-A8F8-C7CA4549172E}.Release|x86.ActiveCfg = Release|Any CPU
		{CEE8D8F8-B448-49A4-A8F8-C7CA4549172E}.Test|Any CPU.ActiveCfg = Release|Any CPU
		{CEE8D8F8-B448-49A4-A8F8-C7CA4549172E}.Test|Any CPU.Build.0 = Release|Any CPU
		{CEE8D8F8-B448-49A4-A8F8-C7CA4549172E}.Test|x86.ActiveCfg = Release|Any CPU
		{F4553DD9-F793-4DD1-9D34-98449264018B}.ClientRelease|Any CPU.ActiveCfg = Release|Any CPU
		{F4553DD9-F793-4DD1-9D34-98449264018B}.ClientRelease|Any CPU.Build.0 = Release|Any CPU
		{F4553DD9-F793-4DD1-9D34-98449264018B}.ClientRelease|x86.ActiveCfg = Release|Any CPU
		{F4553DD9-F793-4DD1-9D34-98449264018B}.Debug|Any CPU.ActiveCfg = Debug|Any CPU
		{F4553DD9-F793-4DD1-9D34-98449264018B}.Debug|Any CPU.Build.0 = Debug|Any CPU
		{F4553DD9-F793-4DD1-9D34-98449264018B}.Debug|x86.ActiveCfg = Debug|Any CPU
		{F4553DD9-F793-4DD1-9D34-98449264018B}.NDoc|Any CPU.ActiveCfg = Release|Any CPU
		{F4553DD9-F793-4DD1-9D34-98449264018B}.NDoc|Any CPU.Build.0 = Release|Any CPU
		{F4553DD9-F793-4DD1-9D34-98449264018B}.NDoc|x86.ActiveCfg = Release|Any CPU
		{F4553DD9-F793-4DD1-9D34-98449264018B}.Release|Any CPU.ActiveCfg = Release|Any CPU
		{F4553DD9-F793-4DD1-9D34-98449264018B}.Release|Any CPU.Build.0 = Release|Any CPU
		{F4553DD9-F793-4DD1-9D34-98449264018B}.Release|x86.ActiveCfg = Release|Any CPU
		{F4553DD9-F793-4DD1-9D34-98449264018B}.Test|Any CPU.ActiveCfg = Release|Any CPU
		{F4553DD9-F793-4DD1-9D34-98449264018B}.Test|Any CPU.Build.0 = Release|Any CPU
		{F4553DD9-F793-4DD1-9D34-98449264018B}.Test|x86.ActiveCfg = Release|Any CPU
		{3C2A1C8C-66FC-48E0-9B2E-40C697425336}.ClientRelease|Any CPU.ActiveCfg = Release|Any CPU
		{3C2A1C8C-66FC-48E0-9B2E-40C697425336}.ClientRelease|Any CPU.Build.0 = Release|Any CPU
		{3C2A1C8C-66FC-48E0-9B2E-40C697425336}.ClientRelease|x86.ActiveCfg = Release|Any CPU
		{3C2A1C8C-66FC-48E0-9B2E-40C697425336}.ClientRelease|x86.Build.0 = Release|Any CPU
		{3C2A1C8C-66FC-48E0-9B2E-40C697425336}.Debug|Any CPU.ActiveCfg = Debug|Any CPU
		{3C2A1C8C-66FC-48E0-9B2E-40C697425336}.Debug|Any CPU.Build.0 = Debug|Any CPU
		{3C2A1C8C-66FC-48E0-9B2E-40C697425336}.Debug|x86.ActiveCfg = Debug|Any CPU
		{3C2A1C8C-66FC-48E0-9B2E-40C697425336}.Debug|x86.Build.0 = Debug|Any CPU
		{3C2A1C8C-66FC-48E0-9B2E-40C697425336}.NDoc|Any CPU.ActiveCfg = Release|Any CPU
		{3C2A1C8C-66FC-48E0-9B2E-40C697425336}.NDoc|Any CPU.Build.0 = Release|Any CPU
		{3C2A1C8C-66FC-48E0-9B2E-40C697425336}.NDoc|x86.ActiveCfg = Release|Any CPU
		{3C2A1C8C-66FC-48E0-9B2E-40C697425336}.NDoc|x86.Build.0 = Release|Any CPU
		{3C2A1C8C-66FC-48E0-9B2E-40C697425336}.Release|Any CPU.ActiveCfg = Release|Any CPU
		{3C2A1C8C-66FC-48E0-9B2E-40C697425336}.Release|Any CPU.Build.0 = Release|Any CPU
		{3C2A1C8C-66FC-48E0-9B2E-40C697425336}.Release|x86.ActiveCfg = Release|Any CPU
		{3C2A1C8C-66FC-48E0-9B2E-40C697425336}.Release|x86.Build.0 = Release|Any CPU
		{3C2A1C8C-66FC-48E0-9B2E-40C697425336}.Test|Any CPU.ActiveCfg = Release|Any CPU
		{3C2A1C8C-66FC-48E0-9B2E-40C697425336}.Test|Any CPU.Build.0 = Release|Any CPU
		{3C2A1C8C-66FC-48E0-9B2E-40C697425336}.Test|x86.ActiveCfg = Release|Any CPU
		{3C2A1C8C-66FC-48E0-9B2E-40C697425336}.Test|x86.Build.0 = Release|Any CPU
		{04996258-F3F5-4EEC-9D3E-ACAE9726F93F}.ClientRelease|Any CPU.ActiveCfg = Release|Any CPU
		{04996258-F3F5-4EEC-9D3E-ACAE9726F93F}.ClientRelease|Any CPU.Build.0 = Release|Any CPU
		{04996258-F3F5-4EEC-9D3E-ACAE9726F93F}.ClientRelease|x86.ActiveCfg = Release|Any CPU
		{04996258-F3F5-4EEC-9D3E-ACAE9726F93F}.ClientRelease|x86.Build.0 = Release|Any CPU
		{04996258-F3F5-4EEC-9D3E-ACAE9726F93F}.Debug|Any CPU.ActiveCfg = Debug|Any CPU
		{04996258-F3F5-4EEC-9D3E-ACAE9726F93F}.Debug|Any CPU.Build.0 = Debug|Any CPU
		{04996258-F3F5-4EEC-9D3E-ACAE9726F93F}.Debug|x86.ActiveCfg = Debug|Any CPU
		{04996258-F3F5-4EEC-9D3E-ACAE9726F93F}.Debug|x86.Build.0 = Debug|Any CPU
		{04996258-F3F5-4EEC-9D3E-ACAE9726F93F}.NDoc|Any CPU.ActiveCfg = Debug|Any CPU
		{04996258-F3F5-4EEC-9D3E-ACAE9726F93F}.NDoc|Any CPU.Build.0 = Debug|Any CPU
		{04996258-F3F5-4EEC-9D3E-ACAE9726F93F}.NDoc|x86.ActiveCfg = Debug|Any CPU
		{04996258-F3F5-4EEC-9D3E-ACAE9726F93F}.NDoc|x86.Build.0 = Debug|Any CPU
		{04996258-F3F5-4EEC-9D3E-ACAE9726F93F}.Release|Any CPU.ActiveCfg = Release|Any CPU
		{04996258-F3F5-4EEC-9D3E-ACAE9726F93F}.Release|Any CPU.Build.0 = Release|Any CPU
		{04996258-F3F5-4EEC-9D3E-ACAE9726F93F}.Release|x86.ActiveCfg = Release|Any CPU
		{04996258-F3F5-4EEC-9D3E-ACAE9726F93F}.Release|x86.Build.0 = Release|Any CPU
		{04996258-F3F5-4EEC-9D3E-ACAE9726F93F}.Test|Any CPU.ActiveCfg = Debug|Any CPU
		{04996258-F3F5-4EEC-9D3E-ACAE9726F93F}.Test|Any CPU.Build.0 = Debug|Any CPU
		{04996258-F3F5-4EEC-9D3E-ACAE9726F93F}.Test|x86.ActiveCfg = Debug|Any CPU
		{04996258-F3F5-4EEC-9D3E-ACAE9726F93F}.Test|x86.Build.0 = Debug|Any CPU
		{B8934B63-D579-4EE8-B352-13134EB8CC54}.ClientRelease|Any CPU.ActiveCfg = Release|Any CPU
		{B8934B63-D579-4EE8-B352-13134EB8CC54}.ClientRelease|Any CPU.Build.0 = Release|Any CPU
		{B8934B63-D579-4EE8-B352-13134EB8CC54}.ClientRelease|x86.ActiveCfg = Release|Any CPU
		{B8934B63-D579-4EE8-B352-13134EB8CC54}.ClientRelease|x86.Build.0 = Release|Any CPU
		{B8934B63-D579-4EE8-B352-13134EB8CC54}.Debug|Any CPU.ActiveCfg = Debug|Any CPU
		{B8934B63-D579-4EE8-B352-13134EB8CC54}.Debug|Any CPU.Build.0 = Debug|Any CPU
		{B8934B63-D579-4EE8-B352-13134EB8CC54}.Debug|x86.ActiveCfg = Debug|Any CPU
		{B8934B63-D579-4EE8-B352-13134EB8CC54}.Debug|x86.Build.0 = Debug|Any CPU
		{B8934B63-D579-4EE8-B352-13134EB8CC54}.NDoc|Any CPU.ActiveCfg = Release|Any CPU
		{B8934B63-D579-4EE8-B352-13134EB8CC54}.NDoc|Any CPU.Build.0 = Release|Any CPU
		{B8934B63-D579-4EE8-B352-13134EB8CC54}.NDoc|x86.ActiveCfg = Release|Any CPU
		{B8934B63-D579-4EE8-B352-13134EB8CC54}.NDoc|x86.Build.0 = Release|Any CPU
		{B8934B63-D579-4EE8-B352-13134EB8CC54}.Release|Any CPU.ActiveCfg = Release|Any CPU
		{B8934B63-D579-4EE8-B352-13134EB8CC54}.Release|Any CPU.Build.0 = Release|Any CPU
		{B8934B63-D579-4EE8-B352-13134EB8CC54}.Release|x86.ActiveCfg = Release|Any CPU
		{B8934B63-D579-4EE8-B352-13134EB8CC54}.Release|x86.Build.0 = Release|Any CPU
		{B8934B63-D579-4EE8-B352-13134EB8CC54}.Test|Any CPU.ActiveCfg = Release|Any CPU
		{B8934B63-D579-4EE8-B352-13134EB8CC54}.Test|Any CPU.Build.0 = Release|Any CPU
		{B8934B63-D579-4EE8-B352-13134EB8CC54}.Test|x86.ActiveCfg = Release|Any CPU
		{B8934B63-D579-4EE8-B352-13134EB8CC54}.Test|x86.Build.0 = Release|Any CPU
		{0B6B1DFC-696B-457A-A57E-A0BCBA0C463D}.ClientRelease|Any CPU.ActiveCfg = Release|Any CPU
		{0B6B1DFC-696B-457A-A57E-A0BCBA0C463D}.ClientRelease|Any CPU.Build.0 = Release|Any CPU
		{0B6B1DFC-696B-457A-A57E-A0BCBA0C463D}.ClientRelease|x86.ActiveCfg = Release|Any CPU
		{0B6B1DFC-696B-457A-A57E-A0BCBA0C463D}.ClientRelease|x86.Build.0 = Release|Any CPU
		{0B6B1DFC-696B-457A-A57E-A0BCBA0C463D}.Debug|Any CPU.ActiveCfg = Debug|Any CPU
		{0B6B1DFC-696B-457A-A57E-A0BCBA0C463D}.Debug|Any CPU.Build.0 = Debug|Any CPU
		{0B6B1DFC-696B-457A-A57E-A0BCBA0C463D}.Debug|x86.ActiveCfg = Debug|Any CPU
		{0B6B1DFC-696B-457A-A57E-A0BCBA0C463D}.Debug|x86.Build.0 = Debug|Any CPU
		{0B6B1DFC-696B-457A-A57E-A0BCBA0C463D}.NDoc|Any CPU.ActiveCfg = Release|Any CPU
		{0B6B1DFC-696B-457A-A57E-A0BCBA0C463D}.NDoc|Any CPU.Build.0 = Release|Any CPU
		{0B6B1DFC-696B-457A-A57E-A0BCBA0C463D}.NDoc|x86.ActiveCfg = Release|Any CPU
		{0B6B1DFC-696B-457A-A57E-A0BCBA0C463D}.NDoc|x86.Build.0 = Release|Any CPU
		{0B6B1DFC-696B-457A-A57E-A0BCBA0C463D}.Release|Any CPU.ActiveCfg = Release|Any CPU
		{0B6B1DFC-696B-457A-A57E-A0BCBA0C463D}.Release|Any CPU.Build.0 = Release|Any CPU
		{0B6B1DFC-696B-457A-A57E-A0BCBA0C463D}.Release|x86.ActiveCfg = Release|Any CPU
		{0B6B1DFC-696B-457A-A57E-A0BCBA0C463D}.Release|x86.Build.0 = Release|Any CPU
		{0B6B1DFC-696B-457A-A57E-A0BCBA0C463D}.Test|Any CPU.ActiveCfg = Release|Any CPU
		{0B6B1DFC-696B-457A-A57E-A0BCBA0C463D}.Test|Any CPU.Build.0 = Release|Any CPU
		{0B6B1DFC-696B-457A-A57E-A0BCBA0C463D}.Test|x86.ActiveCfg = Release|Any CPU
		{0B6B1DFC-696B-457A-A57E-A0BCBA0C463D}.Test|x86.Build.0 = Release|Any CPU
		{7DB3820F-E3E1-4085-8D37-EF64BA9274C8}.ClientRelease|Any CPU.ActiveCfg = Release|Any CPU
		{7DB3820F-E3E1-4085-8D37-EF64BA9274C8}.ClientRelease|Any CPU.Build.0 = Release|Any CPU
		{7DB3820F-E3E1-4085-8D37-EF64BA9274C8}.ClientRelease|x86.ActiveCfg = Release|Any CPU
		{7DB3820F-E3E1-4085-8D37-EF64BA9274C8}.ClientRelease|x86.Build.0 = Release|Any CPU
		{7DB3820F-E3E1-4085-8D37-EF64BA9274C8}.Debug|Any CPU.ActiveCfg = Debug|Any CPU
		{7DB3820F-E3E1-4085-8D37-EF64BA9274C8}.Debug|Any CPU.Build.0 = Debug|Any CPU
		{7DB3820F-E3E1-4085-8D37-EF64BA9274C8}.Debug|x86.ActiveCfg = Debug|Any CPU
		{7DB3820F-E3E1-4085-8D37-EF64BA9274C8}.Debug|x86.Build.0 = Debug|Any CPU
		{7DB3820F-E3E1-4085-8D37-EF64BA9274C8}.NDoc|Any CPU.ActiveCfg = Debug|Any CPU
		{7DB3820F-E3E1-4085-8D37-EF64BA9274C8}.NDoc|Any CPU.Build.0 = Debug|Any CPU
		{7DB3820F-E3E1-4085-8D37-EF64BA9274C8}.NDoc|x86.ActiveCfg = Debug|Any CPU
		{7DB3820F-E3E1-4085-8D37-EF64BA9274C8}.NDoc|x86.Build.0 = Debug|Any CPU
		{7DB3820F-E3E1-4085-8D37-EF64BA9274C8}.Release|Any CPU.ActiveCfg = Release|Any CPU
		{7DB3820F-E3E1-4085-8D37-EF64BA9274C8}.Release|Any CPU.Build.0 = Release|Any CPU
		{7DB3820F-E3E1-4085-8D37-EF64BA9274C8}.Release|x86.ActiveCfg = Release|Any CPU
		{7DB3820F-E3E1-4085-8D37-EF64BA9274C8}.Release|x86.Build.0 = Release|Any CPU
		{7DB3820F-E3E1-4085-8D37-EF64BA9274C8}.Test|Any CPU.ActiveCfg = Debug|Any CPU
		{7DB3820F-E3E1-4085-8D37-EF64BA9274C8}.Test|Any CPU.Build.0 = Debug|Any CPU
		{7DB3820F-E3E1-4085-8D37-EF64BA9274C8}.Test|x86.ActiveCfg = Debug|Any CPU
		{7DB3820F-E3E1-4085-8D37-EF64BA9274C8}.Test|x86.Build.0 = Debug|Any CPU
	EndGlobalSection
	GlobalSection(SolutionProperties) = preSolution
		HideSolutionNode = FALSE
	EndGlobalSection
	GlobalSection(ExtensibilityGlobals) = postSolution
		SolutionGuid = {74F966D1-FAC1-45A6-A782-5F02EC995905}
	EndGlobalSection
EndGlobal
