
Microsoft Visual Studio Solution File, Format Version 12.00
# Visual Studio 15
VisualStudioVersion = 15.0.27428.2005
MinimumVisualStudioVersion = 10.0.40219.1
Project("{9A19103F-16F7-4668-BE54-9A1E7A4F7556}") = "Foundation.NetStandard-2.0", "Foundation.NetStandard-2.0\Foundation.NetStandard-2.0.csproj", "{618D3F05-4D25-4857-BA99-8066C47F749A}"
EndProject
Project("{FAE04EC0-301F-11D3-BF4B-00C04F79EFBC}") = "Foundation.NetFramework-4.7.1", "Foundation.NetFramework-4.7.1\Foundation.NetFramework-4.7.1.csproj", "{B8934B63-D579-4EE8-B352-13134EB8CC54}"
EndProject
Global
	GlobalSection(SolutionConfigurationPlatforms) = preSolution
		Debug|Any CPU = Debug|Any CPU
		Release|Any CPU = Release|Any CPU
	EndGlobalSection
	GlobalSection(ProjectConfigurationPlatforms) = postSolution
		{618D3F05-4D25-4857-BA99-8066C47F749A}.Debug|Any CPU.ActiveCfg = Debug|Any CPU
		{618D3F05-4D25-4857-BA99-8066C47F749A}.Debug|Any CPU.Build.0 = Debug|Any CPU
		{618D3F05-4D25-4857-BA99-8066C47F749A}.Release|Any CPU.ActiveCfg = Release|Any CPU
		{618D3F05-4D25-4857-BA99-8066C47F749A}.Release|Any CPU.Build.0 = Release|Any CPU
		{B8934B63-D579-4EE8-B352-13134EB8CC54}.Debug|Any CPU.ActiveCfg = Debug|Any CPU
		{B8934B63-D579-4EE8-B352-13134EB8CC54}.Debug|Any CPU.Build.0 = Debug|Any CPU
		{B8934B63-D579-4EE8-B352-13134EB8CC54}.Release|Any CPU.ActiveCfg = Release|Any CPU
		{B8934B63-D579-4EE8-B352-13134EB8CC54}.Release|Any CPU.Build.0 = Release|Any CPU
	EndGlobalSection
	GlobalSection(SolutionProperties) = preSolution
		HideSolutionNode = FALSE
	EndGlobalSection
	GlobalSection(ExtensibilityGlobals) = postSolution
		SolutionGuid = {AC941883-2FEE-4547-9FB2-F66DC1D90502}
	EndGlobalSection
EndGlobal
