Microsoft Visual Studio Solution File, Format Version 12.00
# Visual Studio Version 16
VisualStudioVersion = 16.0.28803.352
MinimumVisualStudioVersion = 10.0.40219.1
Project("{FAE04EC0-301F-11D3-BF4B-00C04F79EFBC}") = "DataCommander", "DataCommander\DataCommander.csproj", "{FCD0459F-B6BF-4F88-8466-F31732C97EC3}"
EndProject
Project("{FAE04EC0-301F-11D3-BF4B-00C04F79EFBC}") = "DataCommander.Providers", "DataCommander.Providers\DataCommander.Providers.csproj", "{31A30A80-D1B6-4867-A65E-188DE9E912C8}"
EndProject
Project("{FAE04EC0-301F-11D3-BF4B-00C04F79EFBC}") = "DataCommander.Providers.SqlServer", "Providers\DataCommander.Providers.SqlServer\DataCommander.Providers.SqlServer.csproj", "{97F3ACFC-06D7-494F-ADA0-FDF1693DE112}"
EndProject
Project("{FAE04EC0-301F-11D3-BF4B-00C04F79EFBC}") = "DataCommander.Providers.SqlServerCe40", "Providers\DataCommander.Providers.SqlServerCe40\DataCommander.Providers.SqlServerCe40.csproj", "{72E6A694-639F-41B0-AD3B-4C82C1C230A8}"
EndProject
Project("{FAE04EC0-301F-11D3-BF4B-00C04F79EFBC}") = "DataCommander.Providers.Wmi", "Providers\DataCommander.Providers.Wmi\DataCommander.Providers.Wmi.csproj", "{28022DDE-613C-4A13-AE06-27C784E7919B}"
EndProject
Project("{FAE04EC0-301F-11D3-BF4B-00C04F79EFBC}") = "DataCommander.Providers.SQLite", "Providers\DataCommander.Providers.SQLite\DataCommander.Providers.SQLite.csproj", "{C7B6913B-9B3E-4A09-A053-5B18D8BDAD4D}"
EndProject
Project("{FAE04EC0-301F-11D3-BF4B-00C04F79EFBC}") = "DataCommander.Providers.OracleBase", "Providers\DataCommander.Providers.OracleBase\DataCommander.Providers.OracleBase.csproj", "{E64206C7-76FA-4C4E-9DAD-D4ACECA24F55}"
EndProject
Project("{FAE04EC0-301F-11D3-BF4B-00C04F79EFBC}") = "DataCommander.Providers.OracleClient", "Providers\DataCommander.Providers.OracleClient\DataCommander.Providers.OracleClient.csproj", "{FFF4F73F-507F-4021-AEE6-2DE70658D3A1}"
EndProject
Project("{FAE04EC0-301F-11D3-BF4B-00C04F79EFBC}") = "DataCommander.Providers.Odp", "Providers\DataCommander.Providers.Odp\DataCommander.Providers.Odp.csproj", "{C61C7CE8-690C-4AD3-9A81-62911D8E47DD}"
EndProject
Project("{FAE04EC0-301F-11D3-BF4B-00C04F79EFBC}") = "DataCommander.Providers.Msi", "Providers\DataCommander.Providers.Msi\DataCommander.Providers.Msi.csproj", "{31D78874-9C6E-4239-828A-1385A90DC16F}"
EndProject
Project("{FAE04EC0-301F-11D3-BF4B-00C04F79EFBC}") = "DataCommander.Providers.OleDb", "Providers\DataCommander.Providers.OleDb\DataCommander.Providers.OleDb.csproj", "{A24A2AE0-CB55-460D-9305-3F426DA3B3A6}"
EndProject
Project("{FAE04EC0-301F-11D3-BF4B-00C04F79EFBC}") = "DataCommander.Providers.MySql", "Providers\DataCommander.Providers.MySql\DataCommander.Providers.MySql.csproj", "{CEE8D8F8-B448-49A4-A8F8-C7CA4549172E}"
EndProject
Project("{FAE04EC0-301F-11D3-BF4B-00C04F79EFBC}") = "DataCommander.Providers.PostgreSql", "Providers\DataCommander.Providers.PostgreSql\DataCommander.Providers.PostgreSql.csproj", "{F4553DD9-F793-4DD1-9D34-98449264018B}"
EndProject
Project("{FAE04EC0-301F-11D3-BF4B-00C04F79EFBC}") = "DataCommander.Providers.Tfs-15.0.0.0", "Providers\DataCommander.Providers.Tfs-15.0.0.0\DataCommander.Providers.Tfs-15.0.0.0.csproj", "{3C2A1C8C-66FC-48E0-9B2E-40C697425336}"
EndProject
Project("{9A19103F-16F7-4668-BE54-9A1E7A4F7556}") = "Foundation.NetStandard-2.0", "..\Foundation\.NetStandard-2.0\.NetStandard-2.0\Foundation.NetStandard-2.0.csproj", "{04996258-F3F5-4EEC-9D3E-ACAE9726F93F}"
EndProject
Project("{FAE04EC0-301F-11D3-BF4B-00C04F79EFBC}") = "Foundation.NetFramework-4.8", "..\Foundation\.NetStandard-2.0\.NetFramework-4.8\Foundation.NetFramework-4.8.csproj", "{B8934B63-D579-4EE8-B352-13134EB8CC54}"
EndProject
Project("{FAE04EC0-301F-11D3-BF4B-00C04F79EFBC}") = "DataCommander.Updater", "DataCommander.Updater\DataCommander.Updater.csproj", "{0B6B1DFC-696B-457A-A57E-A0BCBA0C463D}"
EndProject
Project("{2150E333-8FDC-42A3-9474-1A3956D46DE8}") = "Solution Items", "Solution Items", "{DBA94D33-D30A-408A-96D9-9D573604D3AA}"
	ProjectSection(SolutionItems) = preProject
		.gitattributes = .gitattributes
		.gitignore = .gitignore
		LICENSE = LICENSE
		README.md = README.md
		Version.txt = Version.txt
	EndProjectSection
EndProject
Project("{9A19103F-16F7-4668-BE54-9A1E7A4F7556}") = "Foundation.Deployment", "..\Foundation\.NetStandard-2.0\Deployment\Foundation.Deployment.csproj", "{7DB3820F-E3E1-4085-8D37-EF64BA9274C8}"
EndProject
Project("{9A19103F-16F7-4668-BE54-9A1E7A4F7556}") = "Foundation.Data", "..\Foundation\.NetStandard-2.0\Data\Foundation.Data.csproj", "{34F913BC-EDEE-4385-BAE6-C650A0E21878}"
EndProject
Project("{9A19103F-16F7-4668-BE54-9A1E7A4F7556}") = "Foundation.Collections", "..\Foundation\.NetStandard-2.0\Collections\Foundation.Collections.csproj", "{61B48D70-B14F-462C-8A07-E9DB585D3869}"
EndProject
Project("{9A19103F-16F7-4668-BE54-9A1E7A4F7556}") = "Foundation.Text", "..\Foundation\.NetStandard-2.0\Text\Foundation.Text.csproj", "{C987A1B0-F61D-4985-9BED-7E4C36C7F90E}"
EndProject
Project("{9A19103F-16F7-4668-BE54-9A1E7A4F7556}") = "Foundation.Diagnostics", "..\Foundation\.NetStandard-2.0\Diagnostics\Foundation.Diagnostics.csproj", "{07E1E003-0877-48E3-81F4-3E0E5ED8CE69}"
EndProject
Project("{9A19103F-16F7-4668-BE54-9A1E7A4F7556}") = "Foundation.Configuration", "..\Foundation\.NetStandard-2.0\Configuration\Foundation.Configuration.csproj", "{513D0094-7D6B-4453-9D43-23223C51EC4C}"
EndProject
Project("{9A19103F-16F7-4668-BE54-9A1E7A4F7556}") = "Foundation.Assertions", "..\Foundation\.NetStandard-2.0\Assertions\Foundation.Assertions.csproj", "{3640355A-6D7C-45B4-8377-1D011DAFD8AA}"
EndProject
Project("{9A19103F-16F7-4668-BE54-9A1E7A4F7556}") = "Foundation.Log", "..\Foundation\.NetStandard-2.0\Log\Foundation.Log.csproj", "{6F50A714-AF20-480E-A6CA-548AB4E27E28}"
EndProject
Project("{9A19103F-16F7-4668-BE54-9A1E7A4F7556}") = "Foundation.InternalLog", "..\Foundation\.NetStandard-2.0\InternalLog\Foundation.InternalLog.csproj", "{947187B0-1A08-4AB0-AE53-237A1ECDC93C}"
EndProject
Project("{9A19103F-16F7-4668-BE54-9A1E7A4F7556}") = "Foundation.DefaultLog", "..\Foundation\.NetStandard-2.0\DefaultLog\Foundation.DefaultLog.csproj", "{14AA33EB-053A-4397-86AA-EFDA2D2B119D}"
EndProject
Project("{9A19103F-16F7-4668-BE54-9A1E7A4F7556}") = "Foundation.IO", "..\Foundation\.NetStandard-2.0\IO\Foundation.IO.csproj", "{C2A08E9B-3BFD-485F-8569-0CEAF38DB0D9}"
EndProject
Project("{9A19103F-16F7-4668-BE54-9A1E7A4F7556}") = "Foundation.Threading", "..\Foundation\.NetStandard-2.0\Threading\Foundation.Threading.csproj", "{AB3458F4-97B4-42E5-9E48-FA001AE29A2E}"
EndProject
Project("{9A19103F-16F7-4668-BE54-9A1E7A4F7556}") = "Foundation.Xml", "..\Foundation\.NetStandard-2.0\Xml\Foundation.Xml.csproj", "{AD17D060-1FBC-472F-AD67-74051B18BC1F}"
EndProject
Project("{9A19103F-16F7-4668-BE54-9A1E7A4F7556}") = "Foundation.Core", "..\Foundation\.NetStandard-2.0\Core\Foundation.Core.csproj", "{5B3A35C4-CDC3-4CE6-AFDE-41F980A5A7EC}"
EndProject
Project("{9A19103F-16F7-4668-BE54-9A1E7A4F7556}") = "Foundation.Linq", "..\Foundation\.NetStandard-2.0\Linq\Foundation.Linq.csproj", "{E854B2E4-88FC-4FDD-A62E-09A5936D9531}"
EndProject
Project("{2150E333-8FDC-42A3-9474-1A3956D46DE8}") = "Foundation", "Foundation", "{CA72301B-FA8A-419D-A362-D618EC33EB61}"
EndProject
Project("{2150E333-8FDC-42A3-9474-1A3956D46DE8}") = "Providers", "Providers", "{8BE7F62D-4F0F-4385-AA22-4B69B56E762E}"
EndProject
Global
	GlobalSection(SolutionConfigurationPlatforms) = preSolution
		ClientRelease|Any CPU = ClientRelease|Any CPU
		ClientRelease|x86 = ClientRelease|x86
		Debug|Any CPU = Debug|Any CPU
		Debug|x86 = Debug|x86
		NDoc|Any CPU = NDoc|Any CPU
		NDoc|x86 = NDoc|x86
		Release|Any CPU = Release|Any CPU
		Release|x86 = Release|x86
		Test|Any CPU = Test|Any CPU
		Test|x86 = Test|x86
	EndGlobalSection
	GlobalSection(ProjectConfigurationPlatforms) = postSolution
		{FCD0459F-B6BF-4F88-8466-F31732C97EC3}.ClientRelease|Any CPU.ActiveCfg = Release|Any CPU
		{FCD0459F-B6BF-4F88-8466-F31732C97EC3}.ClientRelease|Any CPU.Build.0 = Release|Any CPU
		{FCD0459F-B6BF-4F88-8466-F31732C97EC3}.ClientRelease|x86.ActiveCfg = Release|x86
		{FCD0459F-B6BF-4F88-8466-F31732C97EC3}.ClientRelease|x86.Build.0 = Release|x86
		{FCD0459F-B6BF-4F88-8466-F31732C97EC3}.Debug|Any CPU.ActiveCfg = Debug|Any CPU
		{FCD0459F-B6BF-4F88-8466-F31732C97EC3}.Debug|Any CPU.Build.0 = Debug|Any CPU
		{FCD0459F-B6BF-4F88-8466-F31732C97EC3}.Debug|x86.ActiveCfg = Debug|x86
		{FCD0459F-B6BF-4F88-8466-F31732C97EC3}.Debug|x86.Build.0 = Debug|x86
		{FCD0459F-B6BF-4F88-8466-F31732C97EC3}.NDoc|Any CPU.ActiveCfg = Release|Any CPU
		{FCD0459F-B6BF-4F88-8466-F31732C97EC3}.NDoc|Any CPU.Build.0 = Release|Any CPU
		{FCD0459F-B6BF-4F88-8466-F31732C97EC3}.NDoc|x86.ActiveCfg = Release|x86
		{FCD0459F-B6BF-4F88-8466-F31732C97EC3}.NDoc|x86.Build.0 = Release|x86
		{FCD0459F-B6BF-4F88-8466-F31732C97EC3}.Release|Any CPU.ActiveCfg = Release|Any CPU
		{FCD0459F-B6BF-4F88-8466-F31732C97EC3}.Release|Any CPU.Build.0 = Release|Any CPU
		{FCD0459F-B6BF-4F88-8466-F31732C97EC3}.Release|x86.ActiveCfg = Release|x86
		{FCD0459F-B6BF-4F88-8466-F31732C97EC3}.Release|x86.Build.0 = Release|x86
		{FCD0459F-B6BF-4F88-8466-F31732C97EC3}.Test|Any CPU.ActiveCfg = Release|x86
		{FCD0459F-B6BF-4F88-8466-F31732C97EC3}.Test|x86.ActiveCfg = Release|x86
		{FCD0459F-B6BF-4F88-8466-F31732C97EC3}.Test|x86.Build.0 = Release|x86
		{31A30A80-D1B6-4867-A65E-188DE9E912C8}.ClientRelease|Any CPU.ActiveCfg = Release|Any CPU
		{31A30A80-D1B6-4867-A65E-188DE9E912C8}.ClientRelease|Any CPU.Build.0 = Release|Any CPU
		{31A30A80-D1B6-4867-A65E-188DE9E912C8}.ClientRelease|x86.ActiveCfg = Release|x86
		{31A30A80-D1B6-4867-A65E-188DE9E912C8}.ClientRelease|x86.Build.0 = Release|x86
		{31A30A80-D1B6-4867-A65E-188DE9E912C8}.Debug|Any CPU.ActiveCfg = Debug|Any CPU
		{31A30A80-D1B6-4867-A65E-188DE9E912C8}.Debug|Any CPU.Build.0 = Debug|Any CPU
		{31A30A80-D1B6-4867-A65E-188DE9E912C8}.Debug|x86.ActiveCfg = Debug|x86
		{31A30A80-D1B6-4867-A65E-188DE9E912C8}.Debug|x86.Build.0 = Debug|x86
		{31A30A80-D1B6-4867-A65E-188DE9E912C8}.NDoc|Any CPU.ActiveCfg = Release|Any CPU
		{31A30A80-D1B6-4867-A65E-188DE9E912C8}.NDoc|Any CPU.Build.0 = Release|Any CPU
		{31A30A80-D1B6-4867-A65E-188DE9E912C8}.NDoc|x86.ActiveCfg = Release|x86
		{31A30A80-D1B6-4867-A65E-188DE9E912C8}.NDoc|x86.Build.0 = Release|x86
		{31A30A80-D1B6-4867-A65E-188DE9E912C8}.Release|Any CPU.ActiveCfg = Release|Any CPU
		{31A30A80-D1B6-4867-A65E-188DE9E912C8}.Release|Any CPU.Build.0 = Release|Any CPU
		{31A30A80-D1B6-4867-A65E-188DE9E912C8}.Release|x86.ActiveCfg = Release|x86
		{31A30A80-D1B6-4867-A65E-188DE9E912C8}.Release|x86.Build.0 = Release|x86
		{31A30A80-D1B6-4867-A65E-188DE9E912C8}.Test|Any CPU.ActiveCfg = Release|x86
		{31A30A80-D1B6-4867-A65E-188DE9E912C8}.Test|x86.ActiveCfg = Release|x86
		{31A30A80-D1B6-4867-A65E-188DE9E912C8}.Test|x86.Build.0 = Release|x86
		{97F3ACFC-06D7-494F-ADA0-FDF1693DE112}.ClientRelease|Any CPU.ActiveCfg = Release|Any CPU
		{97F3ACFC-06D7-494F-ADA0-FDF1693DE112}.ClientRelease|Any CPU.Build.0 = Release|Any CPU
		{97F3ACFC-06D7-494F-ADA0-FDF1693DE112}.ClientRelease|x86.ActiveCfg = Release|x86
		{97F3ACFC-06D7-494F-ADA0-FDF1693DE112}.ClientRelease|x86.Build.0 = Release|x86
		{97F3ACFC-06D7-494F-ADA0-FDF1693DE112}.Debug|Any CPU.ActiveCfg = Debug|Any CPU
		{97F3ACFC-06D7-494F-ADA0-FDF1693DE112}.Debug|Any CPU.Build.0 = Debug|Any CPU
		{97F3ACFC-06D7-494F-ADA0-FDF1693DE112}.Debug|x86.ActiveCfg = Debug|x86
		{97F3ACFC-06D7-494F-ADA0-FDF1693DE112}.Debug|x86.Build.0 = Debug|x86
		{97F3ACFC-06D7-494F-ADA0-FDF1693DE112}.NDoc|Any CPU.ActiveCfg = Release|Any CPU
		{97F3ACFC-06D7-494F-ADA0-FDF1693DE112}.NDoc|Any CPU.Build.0 = Release|Any CPU
		{97F3ACFC-06D7-494F-ADA0-FDF1693DE112}.NDoc|x86.ActiveCfg = Release|x86
		{97F3ACFC-06D7-494F-ADA0-FDF1693DE112}.NDoc|x86.Build.0 = Release|x86
		{97F3ACFC-06D7-494F-ADA0-FDF1693DE112}.Release|Any CPU.ActiveCfg = Release|Any CPU
		{97F3ACFC-06D7-494F-ADA0-FDF1693DE112}.Release|Any CPU.Build.0 = Release|Any CPU
		{97F3ACFC-06D7-494F-ADA0-FDF1693DE112}.Release|x86.ActiveCfg = Release|x86
		{97F3ACFC-06D7-494F-ADA0-FDF1693DE112}.Release|x86.Build.0 = Release|x86
		{97F3ACFC-06D7-494F-ADA0-FDF1693DE112}.Test|Any CPU.ActiveCfg = Release|x86
		{97F3ACFC-06D7-494F-ADA0-FDF1693DE112}.Test|x86.ActiveCfg = Release|x86
		{97F3ACFC-06D7-494F-ADA0-FDF1693DE112}.Test|x86.Build.0 = Release|x86
		{72E6A694-639F-41B0-AD3B-4C82C1C230A8}.ClientRelease|Any CPU.ActiveCfg = Release|Any CPU
		{72E6A694-639F-41B0-AD3B-4C82C1C230A8}.ClientRelease|Any CPU.Build.0 = Release|Any CPU
		{72E6A694-639F-41B0-AD3B-4C82C1C230A8}.ClientRelease|x86.ActiveCfg = Release|Any CPU
		{72E6A694-639F-41B0-AD3B-4C82C1C230A8}.Debug|Any CPU.ActiveCfg = Debug|Any CPU
		{72E6A694-639F-41B0-AD3B-4C82C1C230A8}.Debug|Any CPU.Build.0 = Debug|Any CPU
		{72E6A694-639F-41B0-AD3B-4C82C1C230A8}.Debug|x86.ActiveCfg = Debug|Any CPU
		{72E6A694-639F-41B0-AD3B-4C82C1C230A8}.NDoc|Any CPU.ActiveCfg = Release|Any CPU
		{72E6A694-639F-41B0-AD3B-4C82C1C230A8}.NDoc|Any CPU.Build.0 = Release|Any CPU
		{72E6A694-639F-41B0-AD3B-4C82C1C230A8}.NDoc|x86.ActiveCfg = Release|Any CPU
		{72E6A694-639F-41B0-AD3B-4C82C1C230A8}.Release|Any CPU.ActiveCfg = Release|Any CPU
		{72E6A694-639F-41B0-AD3B-4C82C1C230A8}.Release|Any CPU.Build.0 = Release|Any CPU
		{72E6A694-639F-41B0-AD3B-4C82C1C230A8}.Release|x86.ActiveCfg = Release|Any CPU
		{72E6A694-639F-41B0-AD3B-4C82C1C230A8}.Test|Any CPU.ActiveCfg = Release|Any CPU
		{72E6A694-639F-41B0-AD3B-4C82C1C230A8}.Test|Any CPU.Build.0 = Release|Any CPU
		{72E6A694-639F-41B0-AD3B-4C82C1C230A8}.Test|x86.ActiveCfg = Release|Any CPU
		{28022DDE-613C-4A13-AE06-27C784E7919B}.ClientRelease|Any CPU.ActiveCfg = Release|Any CPU
		{28022DDE-613C-4A13-AE06-27C784E7919B}.ClientRelease|Any CPU.Build.0 = Release|Any CPU
		{28022DDE-613C-4A13-AE06-27C784E7919B}.ClientRelease|x86.ActiveCfg = Release|x86
		{28022DDE-613C-4A13-AE06-27C784E7919B}.ClientRelease|x86.Build.0 = Release|x86
		{28022DDE-613C-4A13-AE06-27C784E7919B}.Debug|Any CPU.ActiveCfg = Debug|Any CPU
		{28022DDE-613C-4A13-AE06-27C784E7919B}.Debug|Any CPU.Build.0 = Debug|Any CPU
		{28022DDE-613C-4A13-AE06-27C784E7919B}.Debug|x86.ActiveCfg = Debug|x86
		{28022DDE-613C-4A13-AE06-27C784E7919B}.Debug|x86.Build.0 = Debug|x86
		{28022DDE-613C-4A13-AE06-27C784E7919B}.NDoc|Any CPU.ActiveCfg = Release|Any CPU
		{28022DDE-613C-4A13-AE06-27C784E7919B}.NDoc|Any CPU.Build.0 = Release|Any CPU
		{28022DDE-613C-4A13-AE06-27C784E7919B}.NDoc|x86.ActiveCfg = Release|x86
		{28022DDE-613C-4A13-AE06-27C784E7919B}.NDoc|x86.Build.0 = Release|x86
		{28022DDE-613C-4A13-AE06-27C784E7919B}.Release|Any CPU.ActiveCfg = Release|Any CPU
		{28022DDE-613C-4A13-AE06-27C784E7919B}.Release|Any CPU.Build.0 = Release|Any CPU
		{28022DDE-613C-4A13-AE06-27C784E7919B}.Release|x86.ActiveCfg = Release|x86
		{28022DDE-613C-4A13-AE06-27C784E7919B}.Release|x86.Build.0 = Release|x86
		{28022DDE-613C-4A13-AE06-27C784E7919B}.Test|Any CPU.ActiveCfg = Release|Any CPU
		{28022DDE-613C-4A13-AE06-27C784E7919B}.Test|Any CPU.Build.0 = Release|Any CPU
		{28022DDE-613C-4A13-AE06-27C784E7919B}.Test|x86.ActiveCfg = Release|x86
		{28022DDE-613C-4A13-AE06-27C784E7919B}.Test|x86.Build.0 = Release|x86
		{C7B6913B-9B3E-4A09-A053-5B18D8BDAD4D}.ClientRelease|Any CPU.ActiveCfg = Release|Any CPU
		{C7B6913B-9B3E-4A09-A053-5B18D8BDAD4D}.ClientRelease|Any CPU.Build.0 = Release|Any CPU
		{C7B6913B-9B3E-4A09-A053-5B18D8BDAD4D}.ClientRelease|x86.ActiveCfg = Release|x86
		{C7B6913B-9B3E-4A09-A053-5B18D8BDAD4D}.ClientRelease|x86.Build.0 = Release|x86
		{C7B6913B-9B3E-4A09-A053-5B18D8BDAD4D}.Debug|Any CPU.ActiveCfg = Debug|Any CPU
		{C7B6913B-9B3E-4A09-A053-5B18D8BDAD4D}.Debug|Any CPU.Build.0 = Debug|Any CPU
		{C7B6913B-9B3E-4A09-A053-5B18D8BDAD4D}.Debug|x86.ActiveCfg = Debug|x86
		{C7B6913B-9B3E-4A09-A053-5B18D8BDAD4D}.Debug|x86.Build.0 = Debug|x86
		{C7B6913B-9B3E-4A09-A053-5B18D8BDAD4D}.NDoc|Any CPU.ActiveCfg = Release|Any CPU
		{C7B6913B-9B3E-4A09-A053-5B18D8BDAD4D}.NDoc|Any CPU.Build.0 = Release|Any CPU
		{C7B6913B-9B3E-4A09-A053-5B18D8BDAD4D}.NDoc|x86.ActiveCfg = Release|x86
		{C7B6913B-9B3E-4A09-A053-5B18D8BDAD4D}.NDoc|x86.Build.0 = Release|x86
		{C7B6913B-9B3E-4A09-A053-5B18D8BDAD4D}.Release|Any CPU.ActiveCfg = Release|Any CPU
		{C7B6913B-9B3E-4A09-A053-5B18D8BDAD4D}.Release|Any CPU.Build.0 = Release|Any CPU
		{C7B6913B-9B3E-4A09-A053-5B18D8BDAD4D}.Release|x86.ActiveCfg = Release|x86
		{C7B6913B-9B3E-4A09-A053-5B18D8BDAD4D}.Release|x86.Build.0 = Release|x86
		{C7B6913B-9B3E-4A09-A053-5B18D8BDAD4D}.Test|Any CPU.ActiveCfg = Release|Any CPU
		{C7B6913B-9B3E-4A09-A053-5B18D8BDAD4D}.Test|Any CPU.Build.0 = Release|Any CPU
		{C7B6913B-9B3E-4A09-A053-5B18D8BDAD4D}.Test|x86.ActiveCfg = Release|x86
		{C7B6913B-9B3E-4A09-A053-5B18D8BDAD4D}.Test|x86.Build.0 = Release|x86
		{E64206C7-76FA-4C4E-9DAD-D4ACECA24F55}.ClientRelease|Any CPU.ActiveCfg = Release|Any CPU
		{E64206C7-76FA-4C4E-9DAD-D4ACECA24F55}.ClientRelease|Any CPU.Build.0 = Release|Any CPU
		{E64206C7-76FA-4C4E-9DAD-D4ACECA24F55}.ClientRelease|x86.ActiveCfg = Release|x86
		{E64206C7-76FA-4C4E-9DAD-D4ACECA24F55}.ClientRelease|x86.Build.0 = Release|x86
		{E64206C7-76FA-4C4E-9DAD-D4ACECA24F55}.Debug|Any CPU.ActiveCfg = Debug|Any CPU
		{E64206C7-76FA-4C4E-9DAD-D4ACECA24F55}.Debug|Any CPU.Build.0 = Debug|Any CPU
		{E64206C7-76FA-4C4E-9DAD-D4ACECA24F55}.Debug|x86.ActiveCfg = Debug|x86
		{E64206C7-76FA-4C4E-9DAD-D4ACECA24F55}.Debug|x86.Build.0 = Debug|x86
		{E64206C7-76FA-4C4E-9DAD-D4ACECA24F55}.NDoc|Any CPU.ActiveCfg = Release|Any CPU
		{E64206C7-76FA-4C4E-9DAD-D4ACECA24F55}.NDoc|Any CPU.Build.0 = Release|Any CPU
		{E64206C7-76FA-4C4E-9DAD-D4ACECA24F55}.NDoc|x86.ActiveCfg = Release|x86
		{E64206C7-76FA-4C4E-9DAD-D4ACECA24F55}.NDoc|x86.Build.0 = Release|x86
		{E64206C7-76FA-4C4E-9DAD-D4ACECA24F55}.Release|Any CPU.ActiveCfg = Release|Any CPU
		{E64206C7-76FA-4C4E-9DAD-D4ACECA24F55}.Release|Any CPU.Build.0 = Release|Any CPU
		{E64206C7-76FA-4C4E-9DAD-D4ACECA24F55}.Release|x86.ActiveCfg = Release|x86
		{E64206C7-76FA-4C4E-9DAD-D4ACECA24F55}.Release|x86.Build.0 = Release|x86
		{E64206C7-76FA-4C4E-9DAD-D4ACECA24F55}.Test|Any CPU.ActiveCfg = Release|Any CPU
		{E64206C7-76FA-4C4E-9DAD-D4ACECA24F55}.Test|Any CPU.Build.0 = Release|Any CPU
		{E64206C7-76FA-4C4E-9DAD-D4ACECA24F55}.Test|x86.ActiveCfg = Release|x86
		{E64206C7-76FA-4C4E-9DAD-D4ACECA24F55}.Test|x86.Build.0 = Release|x86
		{FFF4F73F-507F-4021-AEE6-2DE70658D3A1}.ClientRelease|Any CPU.ActiveCfg = Release|Any CPU
		{FFF4F73F-507F-4021-AEE6-2DE70658D3A1}.ClientRelease|Any CPU.Build.0 = Release|Any CPU
		{FFF4F73F-507F-4021-AEE6-2DE70658D3A1}.ClientRelease|x86.ActiveCfg = Release|x86
		{FFF4F73F-507F-4021-AEE6-2DE70658D3A1}.ClientRelease|x86.Build.0 = Release|x86
		{FFF4F73F-507F-4021-AEE6-2DE70658D3A1}.Debug|Any CPU.ActiveCfg = Debug|Any CPU
		{FFF4F73F-507F-4021-AEE6-2DE70658D3A1}.Debug|Any CPU.Build.0 = Debug|Any CPU
		{FFF4F73F-507F-4021-AEE6-2DE70658D3A1}.Debug|x86.ActiveCfg = Debug|x86
		{FFF4F73F-507F-4021-AEE6-2DE70658D3A1}.Debug|x86.Build.0 = Debug|x86
		{FFF4F73F-507F-4021-AEE6-2DE70658D3A1}.NDoc|Any CPU.ActiveCfg = Release|Any CPU
		{FFF4F73F-507F-4021-AEE6-2DE70658D3A1}.NDoc|Any CPU.Build.0 = Release|Any CPU
		{FFF4F73F-507F-4021-AEE6-2DE70658D3A1}.NDoc|x86.ActiveCfg = Release|x86
		{FFF4F73F-507F-4021-AEE6-2DE70658D3A1}.NDoc|x86.Build.0 = Release|x86
		{FFF4F73F-507F-4021-AEE6-2DE70658D3A1}.Release|Any CPU.ActiveCfg = Release|Any CPU
		{FFF4F73F-507F-4021-AEE6-2DE70658D3A1}.Release|Any CPU.Build.0 = Release|Any CPU
		{FFF4F73F-507F-4021-AEE6-2DE70658D3A1}.Release|x86.ActiveCfg = Release|x86
		{FFF4F73F-507F-4021-AEE6-2DE70658D3A1}.Release|x86.Build.0 = Release|x86
		{FFF4F73F-507F-4021-AEE6-2DE70658D3A1}.Test|Any CPU.ActiveCfg = Release|Any CPU
		{FFF4F73F-507F-4021-AEE6-2DE70658D3A1}.Test|Any CPU.Build.0 = Release|Any CPU
		{FFF4F73F-507F-4021-AEE6-2DE70658D3A1}.Test|x86.ActiveCfg = Release|x86
		{FFF4F73F-507F-4021-AEE6-2DE70658D3A1}.Test|x86.Build.0 = Release|x86
		{C61C7CE8-690C-4AD3-9A81-62911D8E47DD}.ClientRelease|Any CPU.ActiveCfg = Release|Any CPU
		{C61C7CE8-690C-4AD3-9A81-62911D8E47DD}.ClientRelease|Any CPU.Build.0 = Release|Any CPU
		{C61C7CE8-690C-4AD3-9A81-62911D8E47DD}.ClientRelease|x86.ActiveCfg = Release|Any CPU
		{C61C7CE8-690C-4AD3-9A81-62911D8E47DD}.Debug|Any CPU.ActiveCfg = Debug|Any CPU
		{C61C7CE8-690C-4AD3-9A81-62911D8E47DD}.Debug|Any CPU.Build.0 = Debug|Any CPU
		{C61C7CE8-690C-4AD3-9A81-62911D8E47DD}.Debug|x86.ActiveCfg = Debug|Any CPU
		{C61C7CE8-690C-4AD3-9A81-62911D8E47DD}.NDoc|Any CPU.ActiveCfg = Release|Any CPU
		{C61C7CE8-690C-4AD3-9A81-62911D8E47DD}.NDoc|Any CPU.Build.0 = Release|Any CPU
		{C61C7CE8-690C-4AD3-9A81-62911D8E47DD}.NDoc|x86.ActiveCfg = Release|Any CPU
		{C61C7CE8-690C-4AD3-9A81-62911D8E47DD}.Release|Any CPU.ActiveCfg = Release|Any CPU
		{C61C7CE8-690C-4AD3-9A81-62911D8E47DD}.Release|Any CPU.Build.0 = Release|Any CPU
		{C61C7CE8-690C-4AD3-9A81-62911D8E47DD}.Release|x86.ActiveCfg = Release|Any CPU
		{C61C7CE8-690C-4AD3-9A81-62911D8E47DD}.Test|Any CPU.ActiveCfg = Release|Any CPU
		{C61C7CE8-690C-4AD3-9A81-62911D8E47DD}.Test|Any CPU.Build.0 = Release|Any CPU
		{C61C7CE8-690C-4AD3-9A81-62911D8E47DD}.Test|x86.ActiveCfg = Release|Any CPU
		{31D78874-9C6E-4239-828A-1385A90DC16F}.ClientRelease|Any CPU.ActiveCfg = Release|Any CPU
		{31D78874-9C6E-4239-828A-1385A90DC16F}.ClientRelease|Any CPU.Build.0 = Release|Any CPU
		{31D78874-9C6E-4239-828A-1385A90DC16F}.ClientRelease|x86.ActiveCfg = Release|Any CPU
		{31D78874-9C6E-4239-828A-1385A90DC16F}.Debug|Any CPU.ActiveCfg = Debug|Any CPU
		{31D78874-9C6E-4239-828A-1385A90DC16F}.Debug|Any CPU.Build.0 = Debug|Any CPU
		{31D78874-9C6E-4239-828A-1385A90DC16F}.Debug|x86.ActiveCfg = Debug|Any CPU
		{31D78874-9C6E-4239-828A-1385A90DC16F}.NDoc|Any CPU.ActiveCfg = Release|Any CPU
		{31D78874-9C6E-4239-828A-1385A90DC16F}.NDoc|Any CPU.Build.0 = Release|Any CPU
		{31D78874-9C6E-4239-828A-1385A90DC16F}.NDoc|x86.ActiveCfg = Release|Any CPU
		{31D78874-9C6E-4239-828A-1385A90DC16F}.Release|Any CPU.ActiveCfg = Release|Any CPU
		{31D78874-9C6E-4239-828A-1385A90DC16F}.Release|Any CPU.Build.0 = Release|Any CPU
		{31D78874-9C6E-4239-828A-1385A90DC16F}.Release|x86.ActiveCfg = Release|Any CPU
		{31D78874-9C6E-4239-828A-1385A90DC16F}.Test|Any CPU.ActiveCfg = Release|Any CPU
		{31D78874-9C6E-4239-828A-1385A90DC16F}.Test|Any CPU.Build.0 = Release|Any CPU
		{31D78874-9C6E-4239-828A-1385A90DC16F}.Test|x86.ActiveCfg = Release|Any CPU
		{A24A2AE0-CB55-460D-9305-3F426DA3B3A6}.ClientRelease|Any CPU.ActiveCfg = Release|Any CPU
		{A24A2AE0-CB55-460D-9305-3F426DA3B3A6}.ClientRelease|Any CPU.Build.0 = Release|Any CPU
		{A24A2AE0-CB55-460D-9305-3F426DA3B3A6}.ClientRelease|x86.ActiveCfg = Release|x86
		{A24A2AE0-CB55-460D-9305-3F426DA3B3A6}.ClientRelease|x86.Build.0 = Release|x86
		{A24A2AE0-CB55-460D-9305-3F426DA3B3A6}.Debug|Any CPU.ActiveCfg = Debug|Any CPU
		{A24A2AE0-CB55-460D-9305-3F426DA3B3A6}.Debug|Any CPU.Build.0 = Debug|Any CPU
		{A24A2AE0-CB55-460D-9305-3F426DA3B3A6}.Debug|x86.ActiveCfg = Debug|x86
		{A24A2AE0-CB55-460D-9305-3F426DA3B3A6}.Debug|x86.Build.0 = Debug|x86
		{A24A2AE0-CB55-460D-9305-3F426DA3B3A6}.NDoc|Any CPU.ActiveCfg = Release|Any CPU
		{A24A2AE0-CB55-460D-9305-3F426DA3B3A6}.NDoc|Any CPU.Build.0 = Release|Any CPU
		{A24A2AE0-CB55-460D-9305-3F426DA3B3A6}.NDoc|x86.ActiveCfg = Release|x86
		{A24A2AE0-CB55-460D-9305-3F426DA3B3A6}.NDoc|x86.Build.0 = Release|x86
		{A24A2AE0-CB55-460D-9305-3F426DA3B3A6}.Release|Any CPU.ActiveCfg = Release|Any CPU
		{A24A2AE0-CB55-460D-9305-3F426DA3B3A6}.Release|Any CPU.Build.0 = Release|Any CPU
		{A24A2AE0-CB55-460D-9305-3F426DA3B3A6}.Release|x86.ActiveCfg = Release|x86
		{A24A2AE0-CB55-460D-9305-3F426DA3B3A6}.Release|x86.Build.0 = Release|x86
		{A24A2AE0-CB55-460D-9305-3F426DA3B3A6}.Test|Any CPU.ActiveCfg = Release|Any CPU
		{A24A2AE0-CB55-460D-9305-3F426DA3B3A6}.Test|Any CPU.Build.0 = Release|Any CPU
		{A24A2AE0-CB55-460D-9305-3F426DA3B3A6}.Test|x86.ActiveCfg = Release|x86
		{A24A2AE0-CB55-460D-9305-3F426DA3B3A6}.Test|x86.Build.0 = Release|x86
		{CEE8D8F8-B448-49A4-A8F8-C7CA4549172E}.ClientRelease|Any CPU.ActiveCfg = Release|Any CPU
		{CEE8D8F8-B448-49A4-A8F8-C7CA4549172E}.ClientRelease|Any CPU.Build.0 = Release|Any CPU
		{CEE8D8F8-B448-49A4-A8F8-C7CA4549172E}.ClientRelease|x86.ActiveCfg = Release|Any CPU
		{CEE8D8F8-B448-49A4-A8F8-C7CA4549172E}.Debug|Any CPU.ActiveCfg = Debug|Any CPU
		{CEE8D8F8-B448-49A4-A8F8-C7CA4549172E}.Debug|Any CPU.Build.0 = Debug|Any CPU
		{CEE8D8F8-B448-49A4-A8F8-C7CA4549172E}.Debug|x86.ActiveCfg = Debug|Any CPU
		{CEE8D8F8-B448-49A4-A8F8-C7CA4549172E}.NDoc|Any CPU.ActiveCfg = Release|Any CPU
		{CEE8D8F8-B448-49A4-A8F8-C7CA4549172E}.NDoc|Any CPU.Build.0 = Release|Any CPU
		{CEE8D8F8-B448-49A4-A8F8-C7CA4549172E}.NDoc|x86.ActiveCfg = Release|Any CPU
		{CEE8D8F8-B448-49A4-A8F8-C7CA4549172E}.Release|Any CPU.ActiveCfg = Release|Any CPU
		{CEE8D8F8-B448-49A4-A8F8-C7CA4549172E}.Release|Any CPU.Build.0 = Release|Any CPU
		{CEE8D8F8-B448-49A4-A8F8-C7CA4549172E}.Release|x86.ActiveCfg = Release|Any CPU
		{CEE8D8F8-B448-49A4-A8F8-C7CA4549172E}.Test|Any CPU.ActiveCfg = Release|Any CPU
		{CEE8D8F8-B448-49A4-A8F8-C7CA4549172E}.Test|Any CPU.Build.0 = Release|Any CPU
		{CEE8D8F8-B448-49A4-A8F8-C7CA4549172E}.Test|x86.ActiveCfg = Release|Any CPU
		{F4553DD9-F793-4DD1-9D34-98449264018B}.ClientRelease|Any CPU.ActiveCfg = Release|Any CPU
		{F4553DD9-F793-4DD1-9D34-98449264018B}.ClientRelease|Any CPU.Build.0 = Release|Any CPU
		{F4553DD9-F793-4DD1-9D34-98449264018B}.ClientRelease|x86.ActiveCfg = Release|Any CPU
		{F4553DD9-F793-4DD1-9D34-98449264018B}.Debug|Any CPU.ActiveCfg = Debug|Any CPU
		{F4553DD9-F793-4DD1-9D34-98449264018B}.Debug|Any CPU.Build.0 = Debug|Any CPU
		{F4553DD9-F793-4DD1-9D34-98449264018B}.Debug|x86.ActiveCfg = Debug|Any CPU
		{F4553DD9-F793-4DD1-9D34-98449264018B}.NDoc|Any CPU.ActiveCfg = Release|Any CPU
		{F4553DD9-F793-4DD1-9D34-98449264018B}.NDoc|Any CPU.Build.0 = Release|Any CPU
		{F4553DD9-F793-4DD1-9D34-98449264018B}.NDoc|x86.ActiveCfg = Release|Any CPU
		{F4553DD9-F793-4DD1-9D34-98449264018B}.Release|Any CPU.ActiveCfg = Release|Any CPU
		{F4553DD9-F793-4DD1-9D34-98449264018B}.Release|Any CPU.Build.0 = Release|Any CPU
		{F4553DD9-F793-4DD1-9D34-98449264018B}.Release|x86.ActiveCfg = Release|Any CPU
		{F4553DD9-F793-4DD1-9D34-98449264018B}.Test|Any CPU.ActiveCfg = Release|Any CPU
		{F4553DD9-F793-4DD1-9D34-98449264018B}.Test|Any CPU.Build.0 = Release|Any CPU
		{F4553DD9-F793-4DD1-9D34-98449264018B}.Test|x86.ActiveCfg = Release|Any CPU
		{3C2A1C8C-66FC-48E0-9B2E-40C697425336}.ClientRelease|Any CPU.ActiveCfg = Release|Any CPU
		{3C2A1C8C-66FC-48E0-9B2E-40C697425336}.ClientRelease|Any CPU.Build.0 = Release|Any CPU
		{3C2A1C8C-66FC-48E0-9B2E-40C697425336}.ClientRelease|x86.ActiveCfg = Release|Any CPU
		{3C2A1C8C-66FC-48E0-9B2E-40C697425336}.ClientRelease|x86.Build.0 = Release|Any CPU
		{3C2A1C8C-66FC-48E0-9B2E-40C697425336}.Debug|Any CPU.ActiveCfg = Debug|Any CPU
		{3C2A1C8C-66FC-48E0-9B2E-40C697425336}.Debug|Any CPU.Build.0 = Debug|Any CPU
		{3C2A1C8C-66FC-48E0-9B2E-40C697425336}.Debug|x86.ActiveCfg = Debug|Any CPU
		{3C2A1C8C-66FC-48E0-9B2E-40C697425336}.Debug|x86.Build.0 = Debug|Any CPU
		{3C2A1C8C-66FC-48E0-9B2E-40C697425336}.NDoc|Any CPU.ActiveCfg = Release|Any CPU
		{3C2A1C8C-66FC-48E0-9B2E-40C697425336}.NDoc|Any CPU.Build.0 = Release|Any CPU
		{3C2A1C8C-66FC-48E0-9B2E-40C697425336}.NDoc|x86.ActiveCfg = Release|Any CPU
		{3C2A1C8C-66FC-48E0-9B2E-40C697425336}.NDoc|x86.Build.0 = Release|Any CPU
		{3C2A1C8C-66FC-48E0-9B2E-40C697425336}.Release|Any CPU.ActiveCfg = Release|Any CPU
		{3C2A1C8C-66FC-48E0-9B2E-40C697425336}.Release|Any CPU.Build.0 = Release|Any CPU
		{3C2A1C8C-66FC-48E0-9B2E-40C697425336}.Release|x86.ActiveCfg = Release|Any CPU
		{3C2A1C8C-66FC-48E0-9B2E-40C697425336}.Release|x86.Build.0 = Release|Any CPU
		{3C2A1C8C-66FC-48E0-9B2E-40C697425336}.Test|Any CPU.ActiveCfg = Release|Any CPU
		{3C2A1C8C-66FC-48E0-9B2E-40C697425336}.Test|Any CPU.Build.0 = Release|Any CPU
		{3C2A1C8C-66FC-48E0-9B2E-40C697425336}.Test|x86.ActiveCfg = Release|Any CPU
		{3C2A1C8C-66FC-48E0-9B2E-40C697425336}.Test|x86.Build.0 = Release|Any CPU
		{04996258-F3F5-4EEC-9D3E-ACAE9726F93F}.ClientRelease|Any CPU.ActiveCfg = Release|Any CPU
		{04996258-F3F5-4EEC-9D3E-ACAE9726F93F}.ClientRelease|Any CPU.Build.0 = Release|Any CPU
		{04996258-F3F5-4EEC-9D3E-ACAE9726F93F}.ClientRelease|x86.ActiveCfg = Release|Any CPU
		{04996258-F3F5-4EEC-9D3E-ACAE9726F93F}.ClientRelease|x86.Build.0 = Release|Any CPU
		{04996258-F3F5-4EEC-9D3E-ACAE9726F93F}.Debug|Any CPU.ActiveCfg = Debug|Any CPU
		{04996258-F3F5-4EEC-9D3E-ACAE9726F93F}.Debug|Any CPU.Build.0 = Debug|Any CPU
		{04996258-F3F5-4EEC-9D3E-ACAE9726F93F}.Debug|x86.ActiveCfg = Debug|Any CPU
		{04996258-F3F5-4EEC-9D3E-ACAE9726F93F}.Debug|x86.Build.0 = Debug|Any CPU
		{04996258-F3F5-4EEC-9D3E-ACAE9726F93F}.NDoc|Any CPU.ActiveCfg = Debug|Any CPU
		{04996258-F3F5-4EEC-9D3E-ACAE9726F93F}.NDoc|Any CPU.Build.0 = Debug|Any CPU
		{04996258-F3F5-4EEC-9D3E-ACAE9726F93F}.NDoc|x86.ActiveCfg = Debug|Any CPU
		{04996258-F3F5-4EEC-9D3E-ACAE9726F93F}.NDoc|x86.Build.0 = Debug|Any CPU
		{04996258-F3F5-4EEC-9D3E-ACAE9726F93F}.Release|Any CPU.ActiveCfg = Release|Any CPU
		{04996258-F3F5-4EEC-9D3E-ACAE9726F93F}.Release|Any CPU.Build.0 = Release|Any CPU
		{04996258-F3F5-4EEC-9D3E-ACAE9726F93F}.Release|x86.ActiveCfg = Release|Any CPU
		{04996258-F3F5-4EEC-9D3E-ACAE9726F93F}.Release|x86.Build.0 = Release|Any CPU
		{04996258-F3F5-4EEC-9D3E-ACAE9726F93F}.Test|Any CPU.ActiveCfg = Debug|Any CPU
		{04996258-F3F5-4EEC-9D3E-ACAE9726F93F}.Test|Any CPU.Build.0 = Debug|Any CPU
		{04996258-F3F5-4EEC-9D3E-ACAE9726F93F}.Test|x86.ActiveCfg = Debug|Any CPU
		{04996258-F3F5-4EEC-9D3E-ACAE9726F93F}.Test|x86.Build.0 = Debug|Any CPU
		{B8934B63-D579-4EE8-B352-13134EB8CC54}.ClientRelease|Any CPU.ActiveCfg = Release|Any CPU
		{B8934B63-D579-4EE8-B352-13134EB8CC54}.ClientRelease|Any CPU.Build.0 = Release|Any CPU
		{B8934B63-D579-4EE8-B352-13134EB8CC54}.ClientRelease|x86.ActiveCfg = Release|Any CPU
		{B8934B63-D579-4EE8-B352-13134EB8CC54}.ClientRelease|x86.Build.0 = Release|Any CPU
		{B8934B63-D579-4EE8-B352-13134EB8CC54}.Debug|Any CPU.ActiveCfg = Debug|Any CPU
		{B8934B63-D579-4EE8-B352-13134EB8CC54}.Debug|Any CPU.Build.0 = Debug|Any CPU
		{B8934B63-D579-4EE8-B352-13134EB8CC54}.Debug|x86.ActiveCfg = Debug|Any CPU
		{B8934B63-D579-4EE8-B352-13134EB8CC54}.Debug|x86.Build.0 = Debug|Any CPU
		{B8934B63-D579-4EE8-B352-13134EB8CC54}.NDoc|Any CPU.ActiveCfg = Release|Any CPU
		{B8934B63-D579-4EE8-B352-13134EB8CC54}.NDoc|Any CPU.Build.0 = Release|Any CPU
		{B8934B63-D579-4EE8-B352-13134EB8CC54}.NDoc|x86.ActiveCfg = Release|Any CPU
		{B8934B63-D579-4EE8-B352-13134EB8CC54}.NDoc|x86.Build.0 = Release|Any CPU
		{B8934B63-D579-4EE8-B352-13134EB8CC54}.Release|Any CPU.ActiveCfg = Release|Any CPU
		{B8934B63-D579-4EE8-B352-13134EB8CC54}.Release|Any CPU.Build.0 = Release|Any CPU
		{B8934B63-D579-4EE8-B352-13134EB8CC54}.Release|x86.ActiveCfg = Release|Any CPU
		{B8934B63-D579-4EE8-B352-13134EB8CC54}.Release|x86.Build.0 = Release|Any CPU
		{B8934B63-D579-4EE8-B352-13134EB8CC54}.Test|Any CPU.ActiveCfg = Release|Any CPU
		{B8934B63-D579-4EE8-B352-13134EB8CC54}.Test|Any CPU.Build.0 = Release|Any CPU
		{B8934B63-D579-4EE8-B352-13134EB8CC54}.Test|x86.ActiveCfg = Release|Any CPU
		{B8934B63-D579-4EE8-B352-13134EB8CC54}.Test|x86.Build.0 = Release|Any CPU
		{0B6B1DFC-696B-457A-A57E-A0BCBA0C463D}.ClientRelease|Any CPU.ActiveCfg = Release|Any CPU
		{0B6B1DFC-696B-457A-A57E-A0BCBA0C463D}.ClientRelease|Any CPU.Build.0 = Release|Any CPU
		{0B6B1DFC-696B-457A-A57E-A0BCBA0C463D}.ClientRelease|x86.ActiveCfg = Release|Any CPU
		{0B6B1DFC-696B-457A-A57E-A0BCBA0C463D}.ClientRelease|x86.Build.0 = Release|Any CPU
		{0B6B1DFC-696B-457A-A57E-A0BCBA0C463D}.Debug|Any CPU.ActiveCfg = Debug|Any CPU
		{0B6B1DFC-696B-457A-A57E-A0BCBA0C463D}.Debug|Any CPU.Build.0 = Debug|Any CPU
		{0B6B1DFC-696B-457A-A57E-A0BCBA0C463D}.Debug|x86.ActiveCfg = Debug|Any CPU
		{0B6B1DFC-696B-457A-A57E-A0BCBA0C463D}.Debug|x86.Build.0 = Debug|Any CPU
		{0B6B1DFC-696B-457A-A57E-A0BCBA0C463D}.NDoc|Any CPU.ActiveCfg = Release|Any CPU
		{0B6B1DFC-696B-457A-A57E-A0BCBA0C463D}.NDoc|Any CPU.Build.0 = Release|Any CPU
		{0B6B1DFC-696B-457A-A57E-A0BCBA0C463D}.NDoc|x86.ActiveCfg = Release|Any CPU
		{0B6B1DFC-696B-457A-A57E-A0BCBA0C463D}.NDoc|x86.Build.0 = Release|Any CPU
		{0B6B1DFC-696B-457A-A57E-A0BCBA0C463D}.Release|Any CPU.ActiveCfg = Release|Any CPU
		{0B6B1DFC-696B-457A-A57E-A0BCBA0C463D}.Release|Any CPU.Build.0 = Release|Any CPU
		{0B6B1DFC-696B-457A-A57E-A0BCBA0C463D}.Release|x86.ActiveCfg = Release|Any CPU
		{0B6B1DFC-696B-457A-A57E-A0BCBA0C463D}.Release|x86.Build.0 = Release|Any CPU
		{0B6B1DFC-696B-457A-A57E-A0BCBA0C463D}.Test|Any CPU.ActiveCfg = Release|Any CPU
		{0B6B1DFC-696B-457A-A57E-A0BCBA0C463D}.Test|Any CPU.Build.0 = Release|Any CPU
		{0B6B1DFC-696B-457A-A57E-A0BCBA0C463D}.Test|x86.ActiveCfg = Release|Any CPU
		{0B6B1DFC-696B-457A-A57E-A0BCBA0C463D}.Test|x86.Build.0 = Release|Any CPU
		{7DB3820F-E3E1-4085-8D37-EF64BA9274C8}.ClientRelease|Any CPU.ActiveCfg = Release|Any CPU
		{7DB3820F-E3E1-4085-8D37-EF64BA9274C8}.ClientRelease|Any CPU.Build.0 = Release|Any CPU
		{7DB3820F-E3E1-4085-8D37-EF64BA9274C8}.ClientRelease|x86.ActiveCfg = Release|Any CPU
		{7DB3820F-E3E1-4085-8D37-EF64BA9274C8}.ClientRelease|x86.Build.0 = Release|Any CPU
		{7DB3820F-E3E1-4085-8D37-EF64BA9274C8}.Debug|Any CPU.ActiveCfg = Debug|Any CPU
		{7DB3820F-E3E1-4085-8D37-EF64BA9274C8}.Debug|Any CPU.Build.0 = Debug|Any CPU
		{7DB3820F-E3E1-4085-8D37-EF64BA9274C8}.Debug|x86.ActiveCfg = Debug|Any CPU
		{7DB3820F-E3E1-4085-8D37-EF64BA9274C8}.Debug|x86.Build.0 = Debug|Any CPU
		{7DB3820F-E3E1-4085-8D37-EF64BA9274C8}.NDoc|Any CPU.ActiveCfg = Debug|Any CPU
		{7DB3820F-E3E1-4085-8D37-EF64BA9274C8}.NDoc|Any CPU.Build.0 = Debug|Any CPU
		{7DB3820F-E3E1-4085-8D37-EF64BA9274C8}.NDoc|x86.ActiveCfg = Debug|Any CPU
		{7DB3820F-E3E1-4085-8D37-EF64BA9274C8}.NDoc|x86.Build.0 = Debug|Any CPU
		{7DB3820F-E3E1-4085-8D37-EF64BA9274C8}.Release|Any CPU.ActiveCfg = Release|Any CPU
		{7DB3820F-E3E1-4085-8D37-EF64BA9274C8}.Release|Any CPU.Build.0 = Release|Any CPU
		{7DB3820F-E3E1-4085-8D37-EF64BA9274C8}.Release|x86.ActiveCfg = Release|Any CPU
		{7DB3820F-E3E1-4085-8D37-EF64BA9274C8}.Release|x86.Build.0 = Release|Any CPU
		{7DB3820F-E3E1-4085-8D37-EF64BA9274C8}.Test|Any CPU.ActiveCfg = Debug|Any CPU
		{7DB3820F-E3E1-4085-8D37-EF64BA9274C8}.Test|Any CPU.Build.0 = Debug|Any CPU
		{7DB3820F-E3E1-4085-8D37-EF64BA9274C8}.Test|x86.ActiveCfg = Debug|Any CPU
		{7DB3820F-E3E1-4085-8D37-EF64BA9274C8}.Test|x86.Build.0 = Debug|Any CPU
		{34F913BC-EDEE-4385-BAE6-C650A0E21878}.ClientRelease|Any CPU.ActiveCfg = Release|Any CPU
		{34F913BC-EDEE-4385-BAE6-C650A0E21878}.ClientRelease|Any CPU.Build.0 = Release|Any CPU
		{34F913BC-EDEE-4385-BAE6-C650A0E21878}.ClientRelease|x86.ActiveCfg = Release|Any CPU
		{34F913BC-EDEE-4385-BAE6-C650A0E21878}.ClientRelease|x86.Build.0 = Release|Any CPU
		{34F913BC-EDEE-4385-BAE6-C650A0E21878}.Debug|Any CPU.ActiveCfg = Debug|Any CPU
		{34F913BC-EDEE-4385-BAE6-C650A0E21878}.Debug|Any CPU.Build.0 = Debug|Any CPU
		{34F913BC-EDEE-4385-BAE6-C650A0E21878}.Debug|x86.ActiveCfg = Debug|Any CPU
		{34F913BC-EDEE-4385-BAE6-C650A0E21878}.Debug|x86.Build.0 = Debug|Any CPU
		{34F913BC-EDEE-4385-BAE6-C650A0E21878}.NDoc|Any CPU.ActiveCfg = Debug|Any CPU
		{34F913BC-EDEE-4385-BAE6-C650A0E21878}.NDoc|Any CPU.Build.0 = Debug|Any CPU
		{34F913BC-EDEE-4385-BAE6-C650A0E21878}.NDoc|x86.ActiveCfg = Debug|Any CPU
		{34F913BC-EDEE-4385-BAE6-C650A0E21878}.NDoc|x86.Build.0 = Debug|Any CPU
		{34F913BC-EDEE-4385-BAE6-C650A0E21878}.Release|Any CPU.ActiveCfg = Release|Any CPU
		{34F913BC-EDEE-4385-BAE6-C650A0E21878}.Release|Any CPU.Build.0 = Release|Any CPU
		{34F913BC-EDEE-4385-BAE6-C650A0E21878}.Release|x86.ActiveCfg = Release|Any CPU
		{34F913BC-EDEE-4385-BAE6-C650A0E21878}.Release|x86.Build.0 = Release|Any CPU
		{34F913BC-EDEE-4385-BAE6-C650A0E21878}.Test|Any CPU.ActiveCfg = Debug|Any CPU
		{34F913BC-EDEE-4385-BAE6-C650A0E21878}.Test|Any CPU.Build.0 = Debug|Any CPU
		{34F913BC-EDEE-4385-BAE6-C650A0E21878}.Test|x86.ActiveCfg = Debug|Any CPU
		{34F913BC-EDEE-4385-BAE6-C650A0E21878}.Test|x86.Build.0 = Debug|Any CPU
		{61B48D70-B14F-462C-8A07-E9DB585D3869}.ClientRelease|Any CPU.ActiveCfg = Release|Any CPU
		{61B48D70-B14F-462C-8A07-E9DB585D3869}.ClientRelease|Any CPU.Build.0 = Release|Any CPU
		{61B48D70-B14F-462C-8A07-E9DB585D3869}.ClientRelease|x86.ActiveCfg = Release|Any CPU
		{61B48D70-B14F-462C-8A07-E9DB585D3869}.ClientRelease|x86.Build.0 = Release|Any CPU
		{61B48D70-B14F-462C-8A07-E9DB585D3869}.Debug|Any CPU.ActiveCfg = Debug|Any CPU
		{61B48D70-B14F-462C-8A07-E9DB585D3869}.Debug|Any CPU.Build.0 = Debug|Any CPU
		{61B48D70-B14F-462C-8A07-E9DB585D3869}.Debug|x86.ActiveCfg = Debug|Any CPU
		{61B48D70-B14F-462C-8A07-E9DB585D3869}.Debug|x86.Build.0 = Debug|Any CPU
		{61B48D70-B14F-462C-8A07-E9DB585D3869}.NDoc|Any CPU.ActiveCfg = Debug|Any CPU
		{61B48D70-B14F-462C-8A07-E9DB585D3869}.NDoc|Any CPU.Build.0 = Debug|Any CPU
		{61B48D70-B14F-462C-8A07-E9DB585D3869}.NDoc|x86.ActiveCfg = Debug|Any CPU
		{61B48D70-B14F-462C-8A07-E9DB585D3869}.NDoc|x86.Build.0 = Debug|Any CPU
		{61B48D70-B14F-462C-8A07-E9DB585D3869}.Release|Any CPU.ActiveCfg = Release|Any CPU
		{61B48D70-B14F-462C-8A07-E9DB585D3869}.Release|Any CPU.Build.0 = Release|Any CPU
		{61B48D70-B14F-462C-8A07-E9DB585D3869}.Release|x86.ActiveCfg = Release|Any CPU
		{61B48D70-B14F-462C-8A07-E9DB585D3869}.Release|x86.Build.0 = Release|Any CPU
		{61B48D70-B14F-462C-8A07-E9DB585D3869}.Test|Any CPU.ActiveCfg = Debug|Any CPU
		{61B48D70-B14F-462C-8A07-E9DB585D3869}.Test|Any CPU.Build.0 = Debug|Any CPU
		{61B48D70-B14F-462C-8A07-E9DB585D3869}.Test|x86.ActiveCfg = Debug|Any CPU
		{61B48D70-B14F-462C-8A07-E9DB585D3869}.Test|x86.Build.0 = Debug|Any CPU
		{C987A1B0-F61D-4985-9BED-7E4C36C7F90E}.ClientRelease|Any CPU.ActiveCfg = Release|Any CPU
		{C987A1B0-F61D-4985-9BED-7E4C36C7F90E}.ClientRelease|Any CPU.Build.0 = Release|Any CPU
		{C987A1B0-F61D-4985-9BED-7E4C36C7F90E}.ClientRelease|x86.ActiveCfg = Release|Any CPU
		{C987A1B0-F61D-4985-9BED-7E4C36C7F90E}.ClientRelease|x86.Build.0 = Release|Any CPU
		{C987A1B0-F61D-4985-9BED-7E4C36C7F90E}.Debug|Any CPU.ActiveCfg = Debug|Any CPU
		{C987A1B0-F61D-4985-9BED-7E4C36C7F90E}.Debug|Any CPU.Build.0 = Debug|Any CPU
		{C987A1B0-F61D-4985-9BED-7E4C36C7F90E}.Debug|x86.ActiveCfg = Debug|Any CPU
		{C987A1B0-F61D-4985-9BED-7E4C36C7F90E}.Debug|x86.Build.0 = Debug|Any CPU
		{C987A1B0-F61D-4985-9BED-7E4C36C7F90E}.NDoc|Any CPU.ActiveCfg = Debug|Any CPU
		{C987A1B0-F61D-4985-9BED-7E4C36C7F90E}.NDoc|Any CPU.Build.0 = Debug|Any CPU
		{C987A1B0-F61D-4985-9BED-7E4C36C7F90E}.NDoc|x86.ActiveCfg = Debug|Any CPU
		{C987A1B0-F61D-4985-9BED-7E4C36C7F90E}.NDoc|x86.Build.0 = Debug|Any CPU
		{C987A1B0-F61D-4985-9BED-7E4C36C7F90E}.Release|Any CPU.ActiveCfg = Release|Any CPU
		{C987A1B0-F61D-4985-9BED-7E4C36C7F90E}.Release|Any CPU.Build.0 = Release|Any CPU
		{C987A1B0-F61D-4985-9BED-7E4C36C7F90E}.Release|x86.ActiveCfg = Release|Any CPU
		{C987A1B0-F61D-4985-9BED-7E4C36C7F90E}.Release|x86.Build.0 = Release|Any CPU
		{C987A1B0-F61D-4985-9BED-7E4C36C7F90E}.Test|Any CPU.ActiveCfg = Debug|Any CPU
		{C987A1B0-F61D-4985-9BED-7E4C36C7F90E}.Test|Any CPU.Build.0 = Debug|Any CPU
		{C987A1B0-F61D-4985-9BED-7E4C36C7F90E}.Test|x86.ActiveCfg = Debug|Any CPU
		{C987A1B0-F61D-4985-9BED-7E4C36C7F90E}.Test|x86.Build.0 = Debug|Any CPU
		{07E1E003-0877-48E3-81F4-3E0E5ED8CE69}.ClientRelease|Any CPU.ActiveCfg = Release|Any CPU
		{07E1E003-0877-48E3-81F4-3E0E5ED8CE69}.ClientRelease|Any CPU.Build.0 = Release|Any CPU
		{07E1E003-0877-48E3-81F4-3E0E5ED8CE69}.ClientRelease|x86.ActiveCfg = Release|Any CPU
		{07E1E003-0877-48E3-81F4-3E0E5ED8CE69}.ClientRelease|x86.Build.0 = Release|Any CPU
		{07E1E003-0877-48E3-81F4-3E0E5ED8CE69}.Debug|Any CPU.ActiveCfg = Debug|Any CPU
		{07E1E003-0877-48E3-81F4-3E0E5ED8CE69}.Debug|Any CPU.Build.0 = Debug|Any CPU
		{07E1E003-0877-48E3-81F4-3E0E5ED8CE69}.Debug|x86.ActiveCfg = Debug|Any CPU
		{07E1E003-0877-48E3-81F4-3E0E5ED8CE69}.Debug|x86.Build.0 = Debug|Any CPU
		{07E1E003-0877-48E3-81F4-3E0E5ED8CE69}.NDoc|Any CPU.ActiveCfg = Debug|Any CPU
		{07E1E003-0877-48E3-81F4-3E0E5ED8CE69}.NDoc|Any CPU.Build.0 = Debug|Any CPU
		{07E1E003-0877-48E3-81F4-3E0E5ED8CE69}.NDoc|x86.ActiveCfg = Debug|Any CPU
		{07E1E003-0877-48E3-81F4-3E0E5ED8CE69}.NDoc|x86.Build.0 = Debug|Any CPU
		{07E1E003-0877-48E3-81F4-3E0E5ED8CE69}.Release|Any CPU.ActiveCfg = Release|Any CPU
		{07E1E003-0877-48E3-81F4-3E0E5ED8CE69}.Release|Any CPU.Build.0 = Release|Any CPU
		{07E1E003-0877-48E3-81F4-3E0E5ED8CE69}.Release|x86.ActiveCfg = Release|Any CPU
		{07E1E003-0877-48E3-81F4-3E0E5ED8CE69}.Release|x86.Build.0 = Release|Any CPU
		{07E1E003-0877-48E3-81F4-3E0E5ED8CE69}.Test|Any CPU.ActiveCfg = Debug|Any CPU
		{07E1E003-0877-48E3-81F4-3E0E5ED8CE69}.Test|Any CPU.Build.0 = Debug|Any CPU
		{07E1E003-0877-48E3-81F4-3E0E5ED8CE69}.Test|x86.ActiveCfg = Debug|Any CPU
		{07E1E003-0877-48E3-81F4-3E0E5ED8CE69}.Test|x86.Build.0 = Debug|Any CPU
		{513D0094-7D6B-4453-9D43-23223C51EC4C}.ClientRelease|Any CPU.ActiveCfg = Release|Any CPU
		{513D0094-7D6B-4453-9D43-23223C51EC4C}.ClientRelease|Any CPU.Build.0 = Release|Any CPU
		{513D0094-7D6B-4453-9D43-23223C51EC4C}.ClientRelease|x86.ActiveCfg = Release|Any CPU
		{513D0094-7D6B-4453-9D43-23223C51EC4C}.ClientRelease|x86.Build.0 = Release|Any CPU
		{513D0094-7D6B-4453-9D43-23223C51EC4C}.Debug|Any CPU.ActiveCfg = Debug|Any CPU
		{513D0094-7D6B-4453-9D43-23223C51EC4C}.Debug|Any CPU.Build.0 = Debug|Any CPU
		{513D0094-7D6B-4453-9D43-23223C51EC4C}.Debug|x86.ActiveCfg = Debug|Any CPU
		{513D0094-7D6B-4453-9D43-23223C51EC4C}.Debug|x86.Build.0 = Debug|Any CPU
		{513D0094-7D6B-4453-9D43-23223C51EC4C}.NDoc|Any CPU.ActiveCfg = Debug|Any CPU
		{513D0094-7D6B-4453-9D43-23223C51EC4C}.NDoc|Any CPU.Build.0 = Debug|Any CPU
		{513D0094-7D6B-4453-9D43-23223C51EC4C}.NDoc|x86.ActiveCfg = Debug|Any CPU
		{513D0094-7D6B-4453-9D43-23223C51EC4C}.NDoc|x86.Build.0 = Debug|Any CPU
		{513D0094-7D6B-4453-9D43-23223C51EC4C}.Release|Any CPU.ActiveCfg = Release|Any CPU
		{513D0094-7D6B-4453-9D43-23223C51EC4C}.Release|Any CPU.Build.0 = Release|Any CPU
		{513D0094-7D6B-4453-9D43-23223C51EC4C}.Release|x86.ActiveCfg = Release|Any CPU
		{513D0094-7D6B-4453-9D43-23223C51EC4C}.Release|x86.Build.0 = Release|Any CPU
		{513D0094-7D6B-4453-9D43-23223C51EC4C}.Test|Any CPU.ActiveCfg = Debug|Any CPU
		{513D0094-7D6B-4453-9D43-23223C51EC4C}.Test|Any CPU.Build.0 = Debug|Any CPU
		{513D0094-7D6B-4453-9D43-23223C51EC4C}.Test|x86.ActiveCfg = Debug|Any CPU
		{513D0094-7D6B-4453-9D43-23223C51EC4C}.Test|x86.Build.0 = Debug|Any CPU
		{3640355A-6D7C-45B4-8377-1D011DAFD8AA}.ClientRelease|Any CPU.ActiveCfg = Release|Any CPU
		{3640355A-6D7C-45B4-8377-1D011DAFD8AA}.ClientRelease|Any CPU.Build.0 = Release|Any CPU
		{3640355A-6D7C-45B4-8377-1D011DAFD8AA}.ClientRelease|x86.ActiveCfg = Release|Any CPU
		{3640355A-6D7C-45B4-8377-1D011DAFD8AA}.ClientRelease|x86.Build.0 = Release|Any CPU
		{3640355A-6D7C-45B4-8377-1D011DAFD8AA}.Debug|Any CPU.ActiveCfg = Debug|Any CPU
		{3640355A-6D7C-45B4-8377-1D011DAFD8AA}.Debug|Any CPU.Build.0 = Debug|Any CPU
		{3640355A-6D7C-45B4-8377-1D011DAFD8AA}.Debug|x86.ActiveCfg = Debug|Any CPU
		{3640355A-6D7C-45B4-8377-1D011DAFD8AA}.Debug|x86.Build.0 = Debug|Any CPU
		{3640355A-6D7C-45B4-8377-1D011DAFD8AA}.NDoc|Any CPU.ActiveCfg = Debug|Any CPU
		{3640355A-6D7C-45B4-8377-1D011DAFD8AA}.NDoc|Any CPU.Build.0 = Debug|Any CPU
		{3640355A-6D7C-45B4-8377-1D011DAFD8AA}.NDoc|x86.ActiveCfg = Debug|Any CPU
		{3640355A-6D7C-45B4-8377-1D011DAFD8AA}.NDoc|x86.Build.0 = Debug|Any CPU
		{3640355A-6D7C-45B4-8377-1D011DAFD8AA}.Release|Any CPU.ActiveCfg = Release|Any CPU
		{3640355A-6D7C-45B4-8377-1D011DAFD8AA}.Release|Any CPU.Build.0 = Release|Any CPU
		{3640355A-6D7C-45B4-8377-1D011DAFD8AA}.Release|x86.ActiveCfg = Release|Any CPU
		{3640355A-6D7C-45B4-8377-1D011DAFD8AA}.Release|x86.Build.0 = Release|Any CPU
		{3640355A-6D7C-45B4-8377-1D011DAFD8AA}.Test|Any CPU.ActiveCfg = Debug|Any CPU
		{3640355A-6D7C-45B4-8377-1D011DAFD8AA}.Test|Any CPU.Build.0 = Debug|Any CPU
		{3640355A-6D7C-45B4-8377-1D011DAFD8AA}.Test|x86.ActiveCfg = Debug|Any CPU
		{3640355A-6D7C-45B4-8377-1D011DAFD8AA}.Test|x86.Build.0 = Debug|Any CPU
		{6F50A714-AF20-480E-A6CA-548AB4E27E28}.ClientRelease|Any CPU.ActiveCfg = Release|Any CPU
		{6F50A714-AF20-480E-A6CA-548AB4E27E28}.ClientRelease|Any CPU.Build.0 = Release|Any CPU
		{6F50A714-AF20-480E-A6CA-548AB4E27E28}.ClientRelease|x86.ActiveCfg = Release|Any CPU
		{6F50A714-AF20-480E-A6CA-548AB4E27E28}.ClientRelease|x86.Build.0 = Release|Any CPU
		{6F50A714-AF20-480E-A6CA-548AB4E27E28}.Debug|Any CPU.ActiveCfg = Debug|Any CPU
		{6F50A714-AF20-480E-A6CA-548AB4E27E28}.Debug|Any CPU.Build.0 = Debug|Any CPU
		{6F50A714-AF20-480E-A6CA-548AB4E27E28}.Debug|x86.ActiveCfg = Debug|Any CPU
		{6F50A714-AF20-480E-A6CA-548AB4E27E28}.Debug|x86.Build.0 = Debug|Any CPU
		{6F50A714-AF20-480E-A6CA-548AB4E27E28}.NDoc|Any CPU.ActiveCfg = Debug|Any CPU
		{6F50A714-AF20-480E-A6CA-548AB4E27E28}.NDoc|Any CPU.Build.0 = Debug|Any CPU
		{6F50A714-AF20-480E-A6CA-548AB4E27E28}.NDoc|x86.ActiveCfg = Debug|Any CPU
		{6F50A714-AF20-480E-A6CA-548AB4E27E28}.NDoc|x86.Build.0 = Debug|Any CPU
		{6F50A714-AF20-480E-A6CA-548AB4E27E28}.Release|Any CPU.ActiveCfg = Release|Any CPU
		{6F50A714-AF20-480E-A6CA-548AB4E27E28}.Release|Any CPU.Build.0 = Release|Any CPU
		{6F50A714-AF20-480E-A6CA-548AB4E27E28}.Release|x86.ActiveCfg = Release|Any CPU
		{6F50A714-AF20-480E-A6CA-548AB4E27E28}.Release|x86.Build.0 = Release|Any CPU
		{6F50A714-AF20-480E-A6CA-548AB4E27E28}.Test|Any CPU.ActiveCfg = Debug|Any CPU
		{6F50A714-AF20-480E-A6CA-548AB4E27E28}.Test|Any CPU.Build.0 = Debug|Any CPU
		{6F50A714-AF20-480E-A6CA-548AB4E27E28}.Test|x86.ActiveCfg = Debug|Any CPU
		{6F50A714-AF20-480E-A6CA-548AB4E27E28}.Test|x86.Build.0 = Debug|Any CPU
		{947187B0-1A08-4AB0-AE53-237A1ECDC93C}.ClientRelease|Any CPU.ActiveCfg = Release|Any CPU
		{947187B0-1A08-4AB0-AE53-237A1ECDC93C}.ClientRelease|Any CPU.Build.0 = Release|Any CPU
		{947187B0-1A08-4AB0-AE53-237A1ECDC93C}.ClientRelease|x86.ActiveCfg = Release|Any CPU
		{947187B0-1A08-4AB0-AE53-237A1ECDC93C}.ClientRelease|x86.Build.0 = Release|Any CPU
		{947187B0-1A08-4AB0-AE53-237A1ECDC93C}.Debug|Any CPU.ActiveCfg = Debug|Any CPU
		{947187B0-1A08-4AB0-AE53-237A1ECDC93C}.Debug|Any CPU.Build.0 = Debug|Any CPU
		{947187B0-1A08-4AB0-AE53-237A1ECDC93C}.Debug|x86.ActiveCfg = Debug|Any CPU
		{947187B0-1A08-4AB0-AE53-237A1ECDC93C}.Debug|x86.Build.0 = Debug|Any CPU
		{947187B0-1A08-4AB0-AE53-237A1ECDC93C}.NDoc|Any CPU.ActiveCfg = Debug|Any CPU
		{947187B0-1A08-4AB0-AE53-237A1ECDC93C}.NDoc|Any CPU.Build.0 = Debug|Any CPU
		{947187B0-1A08-4AB0-AE53-237A1ECDC93C}.NDoc|x86.ActiveCfg = Debug|Any CPU
		{947187B0-1A08-4AB0-AE53-237A1ECDC93C}.NDoc|x86.Build.0 = Debug|Any CPU
		{947187B0-1A08-4AB0-AE53-237A1ECDC93C}.Release|Any CPU.ActiveCfg = Release|Any CPU
		{947187B0-1A08-4AB0-AE53-237A1ECDC93C}.Release|Any CPU.Build.0 = Release|Any CPU
		{947187B0-1A08-4AB0-AE53-237A1ECDC93C}.Release|x86.ActiveCfg = Release|Any CPU
		{947187B0-1A08-4AB0-AE53-237A1ECDC93C}.Release|x86.Build.0 = Release|Any CPU
		{947187B0-1A08-4AB0-AE53-237A1ECDC93C}.Test|Any CPU.ActiveCfg = Debug|Any CPU
		{947187B0-1A08-4AB0-AE53-237A1ECDC93C}.Test|Any CPU.Build.0 = Debug|Any CPU
		{947187B0-1A08-4AB0-AE53-237A1ECDC93C}.Test|x86.ActiveCfg = Debug|Any CPU
		{947187B0-1A08-4AB0-AE53-237A1ECDC93C}.Test|x86.Build.0 = Debug|Any CPU
		{14AA33EB-053A-4397-86AA-EFDA2D2B119D}.ClientRelease|Any CPU.ActiveCfg = Release|Any CPU
		{14AA33EB-053A-4397-86AA-EFDA2D2B119D}.ClientRelease|Any CPU.Build.0 = Release|Any CPU
		{14AA33EB-053A-4397-86AA-EFDA2D2B119D}.ClientRelease|x86.ActiveCfg = Release|Any CPU
		{14AA33EB-053A-4397-86AA-EFDA2D2B119D}.ClientRelease|x86.Build.0 = Release|Any CPU
		{14AA33EB-053A-4397-86AA-EFDA2D2B119D}.Debug|Any CPU.ActiveCfg = Debug|Any CPU
		{14AA33EB-053A-4397-86AA-EFDA2D2B119D}.Debug|Any CPU.Build.0 = Debug|Any CPU
		{14AA33EB-053A-4397-86AA-EFDA2D2B119D}.Debug|x86.ActiveCfg = Debug|Any CPU
		{14AA33EB-053A-4397-86AA-EFDA2D2B119D}.Debug|x86.Build.0 = Debug|Any CPU
		{14AA33EB-053A-4397-86AA-EFDA2D2B119D}.NDoc|Any CPU.ActiveCfg = Debug|Any CPU
		{14AA33EB-053A-4397-86AA-EFDA2D2B119D}.NDoc|Any CPU.Build.0 = Debug|Any CPU
		{14AA33EB-053A-4397-86AA-EFDA2D2B119D}.NDoc|x86.ActiveCfg = Debug|Any CPU
		{14AA33EB-053A-4397-86AA-EFDA2D2B119D}.NDoc|x86.Build.0 = Debug|Any CPU
		{14AA33EB-053A-4397-86AA-EFDA2D2B119D}.Release|Any CPU.ActiveCfg = Release|Any CPU
		{14AA33EB-053A-4397-86AA-EFDA2D2B119D}.Release|Any CPU.Build.0 = Release|Any CPU
		{14AA33EB-053A-4397-86AA-EFDA2D2B119D}.Release|x86.ActiveCfg = Release|Any CPU
		{14AA33EB-053A-4397-86AA-EFDA2D2B119D}.Release|x86.Build.0 = Release|Any CPU
		{14AA33EB-053A-4397-86AA-EFDA2D2B119D}.Test|Any CPU.ActiveCfg = Debug|Any CPU
		{14AA33EB-053A-4397-86AA-EFDA2D2B119D}.Test|Any CPU.Build.0 = Debug|Any CPU
		{14AA33EB-053A-4397-86AA-EFDA2D2B119D}.Test|x86.ActiveCfg = Debug|Any CPU
		{14AA33EB-053A-4397-86AA-EFDA2D2B119D}.Test|x86.Build.0 = Debug|Any CPU
		{C2A08E9B-3BFD-485F-8569-0CEAF38DB0D9}.ClientRelease|Any CPU.ActiveCfg = Release|Any CPU
		{C2A08E9B-3BFD-485F-8569-0CEAF38DB0D9}.ClientRelease|Any CPU.Build.0 = Release|Any CPU
		{C2A08E9B-3BFD-485F-8569-0CEAF38DB0D9}.ClientRelease|x86.ActiveCfg = Release|Any CPU
		{C2A08E9B-3BFD-485F-8569-0CEAF38DB0D9}.ClientRelease|x86.Build.0 = Release|Any CPU
		{C2A08E9B-3BFD-485F-8569-0CEAF38DB0D9}.Debug|Any CPU.ActiveCfg = Debug|Any CPU
		{C2A08E9B-3BFD-485F-8569-0CEAF38DB0D9}.Debug|Any CPU.Build.0 = Debug|Any CPU
		{C2A08E9B-3BFD-485F-8569-0CEAF38DB0D9}.Debug|x86.ActiveCfg = Debug|Any CPU
		{C2A08E9B-3BFD-485F-8569-0CEAF38DB0D9}.Debug|x86.Build.0 = Debug|Any CPU
		{C2A08E9B-3BFD-485F-8569-0CEAF38DB0D9}.NDoc|Any CPU.ActiveCfg = Debug|Any CPU
		{C2A08E9B-3BFD-485F-8569-0CEAF38DB0D9}.NDoc|Any CPU.Build.0 = Debug|Any CPU
		{C2A08E9B-3BFD-485F-8569-0CEAF38DB0D9}.NDoc|x86.ActiveCfg = Debug|Any CPU
		{C2A08E9B-3BFD-485F-8569-0CEAF38DB0D9}.NDoc|x86.Build.0 = Debug|Any CPU
		{C2A08E9B-3BFD-485F-8569-0CEAF38DB0D9}.Release|Any CPU.ActiveCfg = Release|Any CPU
		{C2A08E9B-3BFD-485F-8569-0CEAF38DB0D9}.Release|Any CPU.Build.0 = Release|Any CPU
		{C2A08E9B-3BFD-485F-8569-0CEAF38DB0D9}.Release|x86.ActiveCfg = Release|Any CPU
		{C2A08E9B-3BFD-485F-8569-0CEAF38DB0D9}.Release|x86.Build.0 = Release|Any CPU
		{C2A08E9B-3BFD-485F-8569-0CEAF38DB0D9}.Test|Any CPU.ActiveCfg = Debug|Any CPU
		{C2A08E9B-3BFD-485F-8569-0CEAF38DB0D9}.Test|Any CPU.Build.0 = Debug|Any CPU
		{C2A08E9B-3BFD-485F-8569-0CEAF38DB0D9}.Test|x86.ActiveCfg = Debug|Any CPU
		{C2A08E9B-3BFD-485F-8569-0CEAF38DB0D9}.Test|x86.Build.0 = Debug|Any CPU
		{AB3458F4-97B4-42E5-9E48-FA001AE29A2E}.ClientRelease|Any CPU.ActiveCfg = Release|Any CPU
		{AB3458F4-97B4-42E5-9E48-FA001AE29A2E}.ClientRelease|Any CPU.Build.0 = Release|Any CPU
		{AB3458F4-97B4-42E5-9E48-FA001AE29A2E}.ClientRelease|x86.ActiveCfg = Release|Any CPU
		{AB3458F4-97B4-42E5-9E48-FA001AE29A2E}.ClientRelease|x86.Build.0 = Release|Any CPU
		{AB3458F4-97B4-42E5-9E48-FA001AE29A2E}.Debug|Any CPU.ActiveCfg = Debug|Any CPU
		{AB3458F4-97B4-42E5-9E48-FA001AE29A2E}.Debug|Any CPU.Build.0 = Debug|Any CPU
		{AB3458F4-97B4-42E5-9E48-FA001AE29A2E}.Debug|x86.ActiveCfg = Debug|Any CPU
		{AB3458F4-97B4-42E5-9E48-FA001AE29A2E}.Debug|x86.Build.0 = Debug|Any CPU
		{AB3458F4-97B4-42E5-9E48-FA001AE29A2E}.NDoc|Any CPU.ActiveCfg = Debug|Any CPU
		{AB3458F4-97B4-42E5-9E48-FA001AE29A2E}.NDoc|Any CPU.Build.0 = Debug|Any CPU
		{AB3458F4-97B4-42E5-9E48-FA001AE29A2E}.NDoc|x86.ActiveCfg = Debug|Any CPU
		{AB3458F4-97B4-42E5-9E48-FA001AE29A2E}.NDoc|x86.Build.0 = Debug|Any CPU
		{AB3458F4-97B4-42E5-9E48-FA001AE29A2E}.Release|Any CPU.ActiveCfg = Release|Any CPU
		{AB3458F4-97B4-42E5-9E48-FA001AE29A2E}.Release|Any CPU.Build.0 = Release|Any CPU
		{AB3458F4-97B4-42E5-9E48-FA001AE29A2E}.Release|x86.ActiveCfg = Release|Any CPU
		{AB3458F4-97B4-42E5-9E48-FA001AE29A2E}.Release|x86.Build.0 = Release|Any CPU
		{AB3458F4-97B4-42E5-9E48-FA001AE29A2E}.Test|Any CPU.ActiveCfg = Debug|Any CPU
		{AB3458F4-97B4-42E5-9E48-FA001AE29A2E}.Test|Any CPU.Build.0 = Debug|Any CPU
		{AB3458F4-97B4-42E5-9E48-FA001AE29A2E}.Test|x86.ActiveCfg = Debug|Any CPU
		{AB3458F4-97B4-42E5-9E48-FA001AE29A2E}.Test|x86.Build.0 = Debug|Any CPU
		{AD17D060-1FBC-472F-AD67-74051B18BC1F}.ClientRelease|Any CPU.ActiveCfg = Release|Any CPU
		{AD17D060-1FBC-472F-AD67-74051B18BC1F}.ClientRelease|Any CPU.Build.0 = Release|Any CPU
		{AD17D060-1FBC-472F-AD67-74051B18BC1F}.ClientRelease|x86.ActiveCfg = Release|Any CPU
		{AD17D060-1FBC-472F-AD67-74051B18BC1F}.ClientRelease|x86.Build.0 = Release|Any CPU
		{AD17D060-1FBC-472F-AD67-74051B18BC1F}.Debug|Any CPU.ActiveCfg = Debug|Any CPU
		{AD17D060-1FBC-472F-AD67-74051B18BC1F}.Debug|Any CPU.Build.0 = Debug|Any CPU
		{AD17D060-1FBC-472F-AD67-74051B18BC1F}.Debug|x86.ActiveCfg = Debug|Any CPU
		{AD17D060-1FBC-472F-AD67-74051B18BC1F}.Debug|x86.Build.0 = Debug|Any CPU
		{AD17D060-1FBC-472F-AD67-74051B18BC1F}.NDoc|Any CPU.ActiveCfg = Debug|Any CPU
		{AD17D060-1FBC-472F-AD67-74051B18BC1F}.NDoc|Any CPU.Build.0 = Debug|Any CPU
		{AD17D060-1FBC-472F-AD67-74051B18BC1F}.NDoc|x86.ActiveCfg = Debug|Any CPU
		{AD17D060-1FBC-472F-AD67-74051B18BC1F}.NDoc|x86.Build.0 = Debug|Any CPU
		{AD17D060-1FBC-472F-AD67-74051B18BC1F}.Release|Any CPU.ActiveCfg = Release|Any CPU
		{AD17D060-1FBC-472F-AD67-74051B18BC1F}.Release|Any CPU.Build.0 = Release|Any CPU
		{AD17D060-1FBC-472F-AD67-74051B18BC1F}.Release|x86.ActiveCfg = Release|Any CPU
		{AD17D060-1FBC-472F-AD67-74051B18BC1F}.Release|x86.Build.0 = Release|Any CPU
		{AD17D060-1FBC-472F-AD67-74051B18BC1F}.Test|Any CPU.ActiveCfg = Debug|Any CPU
		{AD17D060-1FBC-472F-AD67-74051B18BC1F}.Test|Any CPU.Build.0 = Debug|Any CPU
		{AD17D060-1FBC-472F-AD67-74051B18BC1F}.Test|x86.ActiveCfg = Debug|Any CPU
		{AD17D060-1FBC-472F-AD67-74051B18BC1F}.Test|x86.Build.0 = Debug|Any CPU
		{5B3A35C4-CDC3-4CE6-AFDE-41F980A5A7EC}.ClientRelease|Any CPU.ActiveCfg = Release|Any CPU
		{5B3A35C4-CDC3-4CE6-AFDE-41F980A5A7EC}.ClientRelease|Any CPU.Build.0 = Release|Any CPU
		{5B3A35C4-CDC3-4CE6-AFDE-41F980A5A7EC}.ClientRelease|x86.ActiveCfg = Release|Any CPU
		{5B3A35C4-CDC3-4CE6-AFDE-41F980A5A7EC}.ClientRelease|x86.Build.0 = Release|Any CPU
		{5B3A35C4-CDC3-4CE6-AFDE-41F980A5A7EC}.Debug|Any CPU.ActiveCfg = Debug|Any CPU
		{5B3A35C4-CDC3-4CE6-AFDE-41F980A5A7EC}.Debug|Any CPU.Build.0 = Debug|Any CPU
		{5B3A35C4-CDC3-4CE6-AFDE-41F980A5A7EC}.Debug|x86.ActiveCfg = Debug|Any CPU
		{5B3A35C4-CDC3-4CE6-AFDE-41F980A5A7EC}.Debug|x86.Build.0 = Debug|Any CPU
		{5B3A35C4-CDC3-4CE6-AFDE-41F980A5A7EC}.NDoc|Any CPU.ActiveCfg = Debug|Any CPU
		{5B3A35C4-CDC3-4CE6-AFDE-41F980A5A7EC}.NDoc|Any CPU.Build.0 = Debug|Any CPU
		{5B3A35C4-CDC3-4CE6-AFDE-41F980A5A7EC}.NDoc|x86.ActiveCfg = Debug|Any CPU
		{5B3A35C4-CDC3-4CE6-AFDE-41F980A5A7EC}.NDoc|x86.Build.0 = Debug|Any CPU
		{5B3A35C4-CDC3-4CE6-AFDE-41F980A5A7EC}.Release|Any CPU.ActiveCfg = Release|Any CPU
		{5B3A35C4-CDC3-4CE6-AFDE-41F980A5A7EC}.Release|Any CPU.Build.0 = Release|Any CPU
		{5B3A35C4-CDC3-4CE6-AFDE-41F980A5A7EC}.Release|x86.ActiveCfg = Release|Any CPU
		{5B3A35C4-CDC3-4CE6-AFDE-41F980A5A7EC}.Release|x86.Build.0 = Release|Any CPU
		{5B3A35C4-CDC3-4CE6-AFDE-41F980A5A7EC}.Test|Any CPU.ActiveCfg = Debug|Any CPU
		{5B3A35C4-CDC3-4CE6-AFDE-41F980A5A7EC}.Test|Any CPU.Build.0 = Debug|Any CPU
		{5B3A35C4-CDC3-4CE6-AFDE-41F980A5A7EC}.Test|x86.ActiveCfg = Debug|Any CPU
		{5B3A35C4-CDC3-4CE6-AFDE-41F980A5A7EC}.Test|x86.Build.0 = Debug|Any CPU
		{E854B2E4-88FC-4FDD-A62E-09A5936D9531}.ClientRelease|Any CPU.ActiveCfg = Release|Any CPU
		{E854B2E4-88FC-4FDD-A62E-09A5936D9531}.ClientRelease|Any CPU.Build.0 = Release|Any CPU
		{E854B2E4-88FC-4FDD-A62E-09A5936D9531}.ClientRelease|x86.ActiveCfg = Release|Any CPU
		{E854B2E4-88FC-4FDD-A62E-09A5936D9531}.ClientRelease|x86.Build.0 = Release|Any CPU
		{E854B2E4-88FC-4FDD-A62E-09A5936D9531}.Debug|Any CPU.ActiveCfg = Debug|Any CPU
		{E854B2E4-88FC-4FDD-A62E-09A5936D9531}.Debug|Any CPU.Build.0 = Debug|Any CPU
		{E854B2E4-88FC-4FDD-A62E-09A5936D9531}.Debug|x86.ActiveCfg = Debug|Any CPU
		{E854B2E4-88FC-4FDD-A62E-09A5936D9531}.Debug|x86.Build.0 = Debug|Any CPU
		{E854B2E4-88FC-4FDD-A62E-09A5936D9531}.NDoc|Any CPU.ActiveCfg = Debug|Any CPU
		{E854B2E4-88FC-4FDD-A62E-09A5936D9531}.NDoc|Any CPU.Build.0 = Debug|Any CPU
		{E854B2E4-88FC-4FDD-A62E-09A5936D9531}.NDoc|x86.ActiveCfg = Debug|Any CPU
		{E854B2E4-88FC-4FDD-A62E-09A5936D9531}.NDoc|x86.Build.0 = Debug|Any CPU
		{E854B2E4-88FC-4FDD-A62E-09A5936D9531}.Release|Any CPU.ActiveCfg = Release|Any CPU
		{E854B2E4-88FC-4FDD-A62E-09A5936D9531}.Release|Any CPU.Build.0 = Release|Any CPU
		{E854B2E4-88FC-4FDD-A62E-09A5936D9531}.Release|x86.ActiveCfg = Release|Any CPU
		{E854B2E4-88FC-4FDD-A62E-09A5936D9531}.Release|x86.Build.0 = Release|Any CPU
		{E854B2E4-88FC-4FDD-A62E-09A5936D9531}.Test|Any CPU.ActiveCfg = Debug|Any CPU
		{E854B2E4-88FC-4FDD-A62E-09A5936D9531}.Test|Any CPU.Build.0 = Debug|Any CPU
		{E854B2E4-88FC-4FDD-A62E-09A5936D9531}.Test|x86.ActiveCfg = Debug|Any CPU
		{E854B2E4-88FC-4FDD-A62E-09A5936D9531}.Test|x86.Build.0 = Debug|Any CPU
	EndGlobalSection
	GlobalSection(SolutionProperties) = preSolution
		HideSolutionNode = FALSE
	EndGlobalSection
	GlobalSection(NestedProjects) = preSolution
		{97F3ACFC-06D7-494F-ADA0-FDF1693DE112} = {8BE7F62D-4F0F-4385-AA22-4B69B56E762E}
		{72E6A694-639F-41B0-AD3B-4C82C1C230A8} = {8BE7F62D-4F0F-4385-AA22-4B69B56E762E}
		{28022DDE-613C-4A13-AE06-27C784E7919B} = {8BE7F62D-4F0F-4385-AA22-4B69B56E762E}
		{C7B6913B-9B3E-4A09-A053-5B18D8BDAD4D} = {8BE7F62D-4F0F-4385-AA22-4B69B56E762E}
		{E64206C7-76FA-4C4E-9DAD-D4ACECA24F55} = {8BE7F62D-4F0F-4385-AA22-4B69B56E762E}
		{FFF4F73F-507F-4021-AEE6-2DE70658D3A1} = {8BE7F62D-4F0F-4385-AA22-4B69B56E762E}
		{C61C7CE8-690C-4AD3-9A81-62911D8E47DD} = {8BE7F62D-4F0F-4385-AA22-4B69B56E762E}
		{31D78874-9C6E-4239-828A-1385A90DC16F} = {8BE7F62D-4F0F-4385-AA22-4B69B56E762E}
		{A24A2AE0-CB55-460D-9305-3F426DA3B3A6} = {8BE7F62D-4F0F-4385-AA22-4B69B56E762E}
		{CEE8D8F8-B448-49A4-A8F8-C7CA4549172E} = {8BE7F62D-4F0F-4385-AA22-4B69B56E762E}
		{F4553DD9-F793-4DD1-9D34-98449264018B} = {8BE7F62D-4F0F-4385-AA22-4B69B56E762E}
		{3C2A1C8C-66FC-48E0-9B2E-40C697425336} = {8BE7F62D-4F0F-4385-AA22-4B69B56E762E}
		{04996258-F3F5-4EEC-9D3E-ACAE9726F93F} = {CA72301B-FA8A-419D-A362-D618EC33EB61}
		{B8934B63-D579-4EE8-B352-13134EB8CC54} = {CA72301B-FA8A-419D-A362-D618EC33EB61}
		{7DB3820F-E3E1-4085-8D37-EF64BA9274C8} = {CA72301B-FA8A-419D-A362-D618EC33EB61}
		{34F913BC-EDEE-4385-BAE6-C650A0E21878} = {CA72301B-FA8A-419D-A362-D618EC33EB61}
		{61B48D70-B14F-462C-8A07-E9DB585D3869} = {CA72301B-FA8A-419D-A362-D618EC33EB61}
		{C987A1B0-F61D-4985-9BED-7E4C36C7F90E} = {CA72301B-FA8A-419D-A362-D618EC33EB61}
		{07E1E003-0877-48E3-81F4-3E0E5ED8CE69} = {CA72301B-FA8A-419D-A362-D618EC33EB61}
		{513D0094-7D6B-4453-9D43-23223C51EC4C} = {CA72301B-FA8A-419D-A362-D618EC33EB61}
		{3640355A-6D7C-45B4-8377-1D011DAFD8AA} = {CA72301B-FA8A-419D-A362-D618EC33EB61}
		{6F50A714-AF20-480E-A6CA-548AB4E27E28} = {CA72301B-FA8A-419D-A362-D618EC33EB61}
		{947187B0-1A08-4AB0-AE53-237A1ECDC93C} = {CA72301B-FA8A-419D-A362-D618EC33EB61}
		{14AA33EB-053A-4397-86AA-EFDA2D2B119D} = {CA72301B-FA8A-419D-A362-D618EC33EB61}
		{C2A08E9B-3BFD-485F-8569-0CEAF38DB0D9} = {CA72301B-FA8A-419D-A362-D618EC33EB61}
		{AB3458F4-97B4-42E5-9E48-FA001AE29A2E} = {CA72301B-FA8A-419D-A362-D618EC33EB61}
		{AD17D060-1FBC-472F-AD67-74051B18BC1F} = {CA72301B-FA8A-419D-A362-D618EC33EB61}
		{5B3A35C4-CDC3-4CE6-AFDE-41F980A5A7EC} = {CA72301B-FA8A-419D-A362-D618EC33EB61}
		{E854B2E4-88FC-4FDD-A62E-09A5936D9531} = {CA72301B-FA8A-419D-A362-D618EC33EB61}
	EndGlobalSection
	GlobalSection(ExtensibilityGlobals) = postSolution
		SolutionGuid = {74F966D1-FAC1-45A6-A782-5F02EC995905}
	EndGlobalSection
EndGlobal
